PODS:
  - ChameleonFramework/Default (2.1.0)
  - ChameleonFramework/Swift (2.1.0):
    - ChameleonFramework/Default
  - DZNEmptyDataSet (1.7.3)
  - GoogleMaps (1.11.1)
  - Groot (1.2):
    - Groot/Swift (= 1.2)
  - Groot/Swift (1.2)
  - InflectorKit (0.0.1)
  - Meteor (0.1.4):
    - InflectorKit
    - PocketSocket
    - SimpleKeychain
  - ObjectMapper (1.0.1)
  - PocketSocket (0.6.4)
  - SimpleKeychain (0.6.1)

DEPENDENCIES:
  - ChameleonFramework/Swift
  - DZNEmptyDataSet
  - GoogleMaps
  - Groot
  - Meteor
  - ObjectMapper

SPEC CHECKSUMS:
  ChameleonFramework: d21a3cc247abfe5e37609a283a8238b03575cf64
  DZNEmptyDataSet: dd7cca17c1d07dfa78956859b1e70a52505678ef
  GoogleMaps: c947160008f414c66707a5ea60f35e92055c7670
  Groot: 86c2c820d619f18586b2d1dcfd90e908339f00bc
  InflectorKit: 64497199e6764f4d8337cab7f700a77b13d76a73
  Meteor: 6bb446c8f5837f9a0b40dbae2957ea8f6d0b0ebf
  ObjectMapper: 98524bac0dca46c6b3d5ee02cd410fc700ec6ce2
  PocketSocket: eee7ef375f55b98e7ca79e097d9c61fd688e9494
  SimpleKeychain: 150d76f3b9200de58f033228f6e976c6241a221c

COCOAPODS: 0.39.0
