PODS:
  - ChameleonFramework/Default (2.1.0)
  - ChameleonFramework/Swift (2.1.0):
    - ChameleonFramework/Default
  - DZNEmptyDataSet (1.7.3)
  - FLEX (2.2.0)
  - GoogleMaps (1.12.2)
  - Groot (1.2):
    - Groot/Swift (= 1.2)
  - Groot/Swift (1.2)
  - ObjectMapper (1.1.5)
  - PhoneNumberKit (0.6)

DEPENDENCIES:
  - ChameleonFramework/Swift
  - DZNEmptyDataSet
  - FLEX (~> 2.0)
  - GoogleMaps
  - Groot
  - ObjectMapper
  - PhoneNumberKit (~> 0.6)

SPEC CHECKSUMS:
  ChameleonFramework: d21a3cc247abfe5e37609a283a8238b03575cf64
  DZNEmptyDataSet: dd7cca17c1d07dfa78956859b1e70a52505678ef
  FLEX: bc8a4fb887ed5d3cdf7c2f3bd665f7bb1647cc58
  GoogleMaps: cc76edaa94a4284e80ecd7089ed319d1cca5f37e
  Groot: 86c2c820d619f18586b2d1dcfd90e908339f00bc
  ObjectMapper: 528b1a6677a6acac7747edd508576983e76a9148
  PhoneNumberKit: 683f1287a88c1f27386b27cad851081c7c45cb62

COCOAPODS: 0.39.0
