// !$*UTF8*$!
{
	archiveVersion = 1;
	classes = {
	};
	objectVersion = 46;
	objects = {

/* Begin PBXBuildFile section */
		4E233C871C3CA46400FDC1B9 /* MeteorEventService.swift in Sources */ = {isa = PBXBuildFile; fileRef = 4E233C861C3CA46400FDC1B9 /* MeteorEventService.swift */; };
		4E233C891C3CA61700FDC1B9 /* CreateEventViewController.swift in Sources */ = {isa = PBXBuildFile; fileRef = 4E233C881C3CA61700FDC1B9 /* CreateEventViewController.swift */; };
		4E233C8D1C3CBDAC00FDC1B9 /* PopDateViewController.xib in Resources */ = {isa = PBXBuildFile; fileRef = 4E233C8A1C3CBDAC00FDC1B9 /* PopDateViewController.xib */; };
		4E233C8E1C3CBDAC00FDC1B9 /* PopDatePicker.swift in Sources */ = {isa = PBXBuildFile; fileRef = 4E233C8B1C3CBDAC00FDC1B9 /* PopDatePicker.swift */; };
		4E233C8F1C3CBDAC00FDC1B9 /* PopDateViewController.swift in Sources */ = {isa = PBXBuildFile; fileRef = 4E233C8C1C3CBDAC00FDC1B9 /* PopDateViewController.swift */; };
		4E3288C11C24B19A00F936DF /* UIMaterialTextField.swift in Sources */ = {isa = PBXBuildFile; fileRef = 4E3288C01C24B19A00F936DF /* UIMaterialTextField.swift */; };
		4E3288C51C24B99C00F936DF /* CreateContactViewController.swift in Sources */ = {isa = PBXBuildFile; fileRef = 4E3288C41C24B99C00F936DF /* CreateContactViewController.swift */; };
		4E3288C71C24CCE500F936DF /* MenuTableViewCell.xib in Resources */ = {isa = PBXBuildFile; fileRef = 4E3288C61C24CCE500F936DF /* MenuTableViewCell.xib */; };
		4E3288C91C24CD4600F936DF /* ContactsTableViewCell.swift in Sources */ = {isa = PBXBuildFile; fileRef = 4E3288C81C24CD4600F936DF /* ContactsTableViewCell.swift */; };
		4E40EE931C41EE9F00087C2E /* EventDetailViewController.swift in Sources */ = {isa = PBXBuildFile; fileRef = 4E40EE921C41EE9F00087C2E /* EventDetailViewController.swift */; };
		4E57A78D1C28EEB50070AEB3 /* MeteorListService.swift in Sources */ = {isa = PBXBuildFile; fileRef = 4E57A78C1C28EEB50070AEB3 /* MeteorListService.swift */; };
		4E57A7911C2B38D30070AEB3 /* ImportContacts.swift in Sources */ = {isa = PBXBuildFile; fileRef = 4E57A7901C2B38D30070AEB3 /* ImportContacts.swift */; };
		4E57A7931C2B3F2A0070AEB3 /* ListsTableViewCell.swift in Sources */ = {isa = PBXBuildFile; fileRef = 4E57A7921C2B3F2A0070AEB3 /* ListsTableViewCell.swift */; };
		4E582A7B1C3F48AB00052399 /* SelectVenueViewController.swift in Sources */ = {isa = PBXBuildFile; fileRef = 4E582A7A1C3F48AB00052399 /* SelectVenueViewController.swift */; };
		4E5AF22A1C45E5CE00192C40 /* JoinedListsViewController.swift in Sources */ = {isa = PBXBuildFile; fileRef = 4E5AF2291C45E5CE00192C40 /* JoinedListsViewController.swift */; };
		4E60A0D11C2C2E8300D66A9A /* ContactsNavigationViewController.swift in Sources */ = {isa = PBXBuildFile; fileRef = 4E60A0D01C2C2E8300D66A9A /* ContactsNavigationViewController.swift */; };
		4E60A0D31C2C6D7F00D66A9A /* VenuesNavigationViewController.swift in Sources */ = {isa = PBXBuildFile; fileRef = 4E60A0D21C2C6D7F00D66A9A /* VenuesNavigationViewController.swift */; };
		4E60A0D51C2C6DA400D66A9A /* VenuesViewController.swift in Sources */ = {isa = PBXBuildFile; fileRef = 4E60A0D41C2C6DA400D66A9A /* VenuesViewController.swift */; };
		4E60A0D81C2F1C7800D66A9A /* Location.swift in Sources */ = {isa = PBXBuildFile; fileRef = 4E60A0D71C2F1C7800D66A9A /* Location.swift */; };
		4E60A0DA1C2F1E7100D66A9A /* VenuesTableViewCell.swift in Sources */ = {isa = PBXBuildFile; fileRef = 4E60A0D91C2F1E7100D66A9A /* VenuesTableViewCell.swift */; };
		4E60A0DC1C30750300D66A9A /* MeteorVenueService.swift in Sources */ = {isa = PBXBuildFile; fileRef = 4E60A0DB1C30750300D66A9A /* MeteorVenueService.swift */; };
		4E60A0DE1C30851900D66A9A /* PlacePickerViewController.swift in Sources */ = {isa = PBXBuildFile; fileRef = 4E60A0DD1C30851900D66A9A /* PlacePickerViewController.swift */; };
		4E60A0E01C35A6FA00D66A9A /* CreateVenueViewController.swift in Sources */ = {isa = PBXBuildFile; fileRef = 4E60A0DF1C35A6FA00D66A9A /* CreateVenueViewController.swift */; };
		4E6312641C1FA7D500EB78F9 /* AppDelegate.swift in Sources */ = {isa = PBXBuildFile; fileRef = 4E6312631C1FA7D500EB78F9 /* AppDelegate.swift */; };
		4E6312661C1FA7D500EB78F9 /* LeftViewController.swift in Sources */ = {isa = PBXBuildFile; fileRef = 4E6312651C1FA7D500EB78F9 /* LeftViewController.swift */; };
		4E6312691C1FA7D500EB78F9 /* Main.storyboard in Resources */ = {isa = PBXBuildFile; fileRef = 4E6312671C1FA7D500EB78F9 /* Main.storyboard */; };
		4E63126B1C1FA7D500EB78F9 /* Assets.xcassets in Resources */ = {isa = PBXBuildFile; fileRef = 4E63126A1C1FA7D500EB78F9 /* Assets.xcassets */; };
		4E63126E1C1FA7D500EB78F9 /* LaunchScreen.storyboard in Resources */ = {isa = PBXBuildFile; fileRef = 4E63126C1C1FA7D500EB78F9 /* LaunchScreen.storyboard */; };
		4E6312791C1FA7D500EB78F9 /* ShortListTests.swift in Sources */ = {isa = PBXBuildFile; fileRef = 4E6312781C1FA7D500EB78F9 /* ShortListTests.swift */; };
		4E6312841C1FA7D500EB78F9 /* ShortListUITests.swift in Sources */ = {isa = PBXBuildFile; fileRef = 4E6312831C1FA7D500EB78F9 /* ShortListUITests.swift */; };
		4E6312921C1FAC0000EB78F9 /* HomeViewController.swift in Sources */ = {isa = PBXBuildFile; fileRef = 4E6312911C1FAC0000EB78F9 /* HomeViewController.swift */; };
		4E6312951C1FAD2100EB78F9 /* SLSlideMenuController.swift in Sources */ = {isa = PBXBuildFile; fileRef = 4E6312941C1FAD2100EB78F9 /* SLSlideMenuController.swift */; };
		4E63129E1C1FAF2D00EB78F9 /* UIImageView.swift in Sources */ = {isa = PBXBuildFile; fileRef = 4E6312961C1FAF2D00EB78F9 /* UIImageView.swift */; };
		4E6312A01C1FAF2D00EB78F9 /* UITableViewExtension.swift in Sources */ = {isa = PBXBuildFile; fileRef = 4E6312981C1FAF2D00EB78F9 /* UITableViewExtension.swift */; };
		4E6312A11C1FAF2D00EB78F9 /* UIApplication.swift in Sources */ = {isa = PBXBuildFile; fileRef = 4E6312991C1FAF2D00EB78F9 /* UIApplication.swift */; };
		4E6312A21C1FAF2D00EB78F9 /* UIViewController.swift in Sources */ = {isa = PBXBuildFile; fileRef = 4E63129A1C1FAF2D00EB78F9 /* UIViewController.swift */; };
		4E6312A31C1FAF2D00EB78F9 /* UIImage.swift in Sources */ = {isa = PBXBuildFile; fileRef = 4E63129B1C1FAF2D00EB78F9 /* UIImage.swift */; };
		4E6312A41C1FAF2D00EB78F9 /* String.swift in Sources */ = {isa = PBXBuildFile; fileRef = 4E63129C1C1FAF2D00EB78F9 /* String.swift */; };
		4E6312A51C1FAF2D00EB78F9 /* UIView.swift in Sources */ = {isa = PBXBuildFile; fileRef = 4E63129D1C1FAF2D00EB78F9 /* UIView.swift */; };
		4E6312A81C1FAF9400EB78F9 /* ImageHeaderView.xib in Resources */ = {isa = PBXBuildFile; fileRef = 4E6312A71C1FAF9400EB78F9 /* ImageHeaderView.xib */; };
		4E6312AA1C1FAFA000EB78F9 /* ImageHeaderView.swift in Sources */ = {isa = PBXBuildFile; fileRef = 4E6312A91C1FAFA000EB78F9 /* ImageHeaderView.swift */; };
		4E6312B01C1FAFC400EB78F9 /* BaseTableViewCell.swift in Sources */ = {isa = PBXBuildFile; fileRef = 4E6312AD1C1FAFC400EB78F9 /* BaseTableViewCell.swift */; };
		4E6312B11C1FAFC400EB78F9 /* MenuTableViewCell.swift in Sources */ = {isa = PBXBuildFile; fileRef = 4E6312AE1C1FAFC400EB78F9 /* MenuTableViewCell.swift */; };
		4E6312B71C1FB17200EB78F9 /* Info.plist in Resources */ = {isa = PBXBuildFile; fileRef = 4E6312B41C1FB17200EB78F9 /* Info.plist */; };
		4E6312B81C1FB17200EB78F9 /* SlideMenuController.swift in Sources */ = {isa = PBXBuildFile; fileRef = 4E6312B51C1FB17200EB78F9 /* SlideMenuController.swift */; };
		4E6312F41C1FB28000EB78F9 /* AsyncButton.swift in Sources */ = {isa = PBXBuildFile; fileRef = 4E6312BA1C1FB27F00EB78F9 /* AsyncButton.swift */; };
		4E6312F51C1FB28000EB78F9 /* AsyncImageView.swift in Sources */ = {isa = PBXBuildFile; fileRef = 4E6312BB1C1FB27F00EB78F9 /* AsyncImageView.swift */; };
		4E6312F61C1FB28000EB78F9 /* AutoTextView.swift in Sources */ = {isa = PBXBuildFile; fileRef = 4E6312BC1C1FB27F00EB78F9 /* AutoTextView.swift */; };
		4E6312F71C1FB28000EB78F9 /* BlurView.swift in Sources */ = {isa = PBXBuildFile; fileRef = 4E6312BD1C1FB27F00EB78F9 /* BlurView.swift */; };
		4E6312F81C1FB28000EB78F9 /* DesignableButton.swift in Sources */ = {isa = PBXBuildFile; fileRef = 4E6312BE1C1FB27F00EB78F9 /* DesignableButton.swift */; };
		4E6312F91C1FB28000EB78F9 /* DesignableImageView.swift in Sources */ = {isa = PBXBuildFile; fileRef = 4E6312BF1C1FB27F00EB78F9 /* DesignableImageView.swift */; };
		4E6312FA1C1FB28000EB78F9 /* DesignableLabel.swift in Sources */ = {isa = PBXBuildFile; fileRef = 4E6312C01C1FB27F00EB78F9 /* DesignableLabel.swift */; };
		4E6312FB1C1FB28000EB78F9 /* DesignableTabBarController.swift in Sources */ = {isa = PBXBuildFile; fileRef = 4E6312C11C1FB27F00EB78F9 /* DesignableTabBarController.swift */; };
		4E6312FC1C1FB28000EB78F9 /* DesignableTextField.swift in Sources */ = {isa = PBXBuildFile; fileRef = 4E6312C21C1FB27F00EB78F9 /* DesignableTextField.swift */; };
		4E6312FD1C1FB28000EB78F9 /* DesignableTextView.swift in Sources */ = {isa = PBXBuildFile; fileRef = 4E6312C31C1FB27F00EB78F9 /* DesignableTextView.swift */; };
		4E6312FE1C1FB28000EB78F9 /* DesignableView.swift in Sources */ = {isa = PBXBuildFile; fileRef = 4E6312C41C1FB27F00EB78F9 /* DesignableView.swift */; };
		4E6312FF1C1FB28000EB78F9 /* ImageLoader.swift in Sources */ = {isa = PBXBuildFile; fileRef = 4E6312C51C1FB27F00EB78F9 /* ImageLoader.swift */; };
		4E6313001C1FB28000EB78F9 /* Info.plist in Resources */ = {isa = PBXBuildFile; fileRef = 4E6312C61C1FB27F00EB78F9 /* Info.plist */; };
		4E6313011C1FB28000EB78F9 /* KeyboardLayoutConstraint.swift in Sources */ = {isa = PBXBuildFile; fileRef = 4E6312C71C1FB27F00EB78F9 /* KeyboardLayoutConstraint.swift */; };
		4E6313021C1FB28000EB78F9 /* LoadingView.swift in Sources */ = {isa = PBXBuildFile; fileRef = 4E6312C81C1FB27F00EB78F9 /* LoadingView.swift */; };
		4E6313031C1FB28000EB78F9 /* LoadingView.xib in Resources */ = {isa = PBXBuildFile; fileRef = 4E6312C91C1FB27F00EB78F9 /* LoadingView.xib */; };
		4E6313041C1FB28000EB78F9 /* Misc.swift in Sources */ = {isa = PBXBuildFile; fileRef = 4E6312CA1C1FB27F00EB78F9 /* Misc.swift */; };
		4E6313051C1FB28000EB78F9 /* SoundPlayer.swift in Sources */ = {isa = PBXBuildFile; fileRef = 4E6312CB1C1FB27F00EB78F9 /* SoundPlayer.swift */; };
		4E6313061C1FB28000EB78F9 /* Spring.swift in Sources */ = {isa = PBXBuildFile; fileRef = 4E6312CD1C1FB27F00EB78F9 /* Spring.swift */; };
		4E6313071C1FB28000EB78F9 /* SpringAnimation.swift in Sources */ = {isa = PBXBuildFile; fileRef = 4E6312CE1C1FB27F00EB78F9 /* SpringAnimation.swift */; };
		4E6313081C1FB28000EB78F9 /* SpringButton.swift in Sources */ = {isa = PBXBuildFile; fileRef = 4E6312CF1C1FB27F00EB78F9 /* SpringButton.swift */; };
		4E6313091C1FB28000EB78F9 /* SpringImageView.swift in Sources */ = {isa = PBXBuildFile; fileRef = 4E6312D01C1FB27F00EB78F9 /* SpringImageView.swift */; };
		4E63130A1C1FB28000EB78F9 /* SpringLabel.swift in Sources */ = {isa = PBXBuildFile; fileRef = 4E6312D11C1FB27F00EB78F9 /* SpringLabel.swift */; };
		4E63130B1C1FB28000EB78F9 /* SpringTextField.swift in Sources */ = {isa = PBXBuildFile; fileRef = 4E6312D21C1FB27F00EB78F9 /* SpringTextField.swift */; };
		4E63130C1C1FB28000EB78F9 /* SpringTextView.swift in Sources */ = {isa = PBXBuildFile; fileRef = 4E6312D31C1FB27F00EB78F9 /* SpringTextView.swift */; };
		4E63130D1C1FB28000EB78F9 /* SpringView.swift in Sources */ = {isa = PBXBuildFile; fileRef = 4E6312D41C1FB27F00EB78F9 /* SpringView.swift */; };
		4E63130E1C1FB28000EB78F9 /* TransitionManager.swift in Sources */ = {isa = PBXBuildFile; fileRef = 4E6312D51C1FB27F00EB78F9 /* TransitionManager.swift */; };
		4E63130F1C1FB28000EB78F9 /* TransitionZoom.swift in Sources */ = {isa = PBXBuildFile; fileRef = 4E6312D61C1FB27F00EB78F9 /* TransitionZoom.swift */; };
		4E6313101C1FB28000EB78F9 /* UnwindSegue.swift in Sources */ = {isa = PBXBuildFile; fileRef = 4E6312D71C1FB27F00EB78F9 /* UnwindSegue.swift */; };
		4E6313111C1FB28000EB78F9 /* TPKeyboardAvoidingCollectionView.m in Sources */ = {isa = PBXBuildFile; fileRef = 4E6312DA1C1FB27F00EB78F9 /* TPKeyboardAvoidingCollectionView.m */; };
		4E6313121C1FB28000EB78F9 /* TPKeyboardAvoidingScrollView.m in Sources */ = {isa = PBXBuildFile; fileRef = 4E6312DC1C1FB27F00EB78F9 /* TPKeyboardAvoidingScrollView.m */; };
		4E6313131C1FB28000EB78F9 /* TPKeyboardAvoidingTableView.m in Sources */ = {isa = PBXBuildFile; fileRef = 4E6312DE1C1FB27F00EB78F9 /* TPKeyboardAvoidingTableView.m */; };
		4E6313141C1FB28000EB78F9 /* UIScrollView+TPKeyboardAvoidingAdditions.m in Sources */ = {isa = PBXBuildFile; fileRef = 4E6312E01C1FB28000EB78F9 /* UIScrollView+TPKeyboardAvoidingAdditions.m */; };
		4E6313151C1FB28000EB78F9 /* Lato-Black.ttf in Resources */ = {isa = PBXBuildFile; fileRef = 4E6312E21C1FB28000EB78F9 /* Lato-Black.ttf */; };
		4E6313161C1FB28000EB78F9 /* Lato-BlackItalic.ttf in Resources */ = {isa = PBXBuildFile; fileRef = 4E6312E31C1FB28000EB78F9 /* Lato-BlackItalic.ttf */; };
		4E6313171C1FB28000EB78F9 /* Lato-Bold.ttf in Resources */ = {isa = PBXBuildFile; fileRef = 4E6312E41C1FB28000EB78F9 /* Lato-Bold.ttf */; };
		4E6313181C1FB28000EB78F9 /* Lato-BoldItalic.ttf in Resources */ = {isa = PBXBuildFile; fileRef = 4E6312E51C1FB28000EB78F9 /* Lato-BoldItalic.ttf */; };
		4E6313191C1FB28000EB78F9 /* Lato-Hairline.ttf in Resources */ = {isa = PBXBuildFile; fileRef = 4E6312E61C1FB28000EB78F9 /* Lato-Hairline.ttf */; };
		4E63131A1C1FB28000EB78F9 /* Lato-HairlineItalic.ttf in Resources */ = {isa = PBXBuildFile; fileRef = 4E6312E71C1FB28000EB78F9 /* Lato-HairlineItalic.ttf */; };
		4E63131B1C1FB28000EB78F9 /* Lato-Heavy.ttf in Resources */ = {isa = PBXBuildFile; fileRef = 4E6312E81C1FB28000EB78F9 /* Lato-Heavy.ttf */; };
		4E63131C1C1FB28000EB78F9 /* Lato-HeavyItalic.ttf in Resources */ = {isa = PBXBuildFile; fileRef = 4E6312E91C1FB28000EB78F9 /* Lato-HeavyItalic.ttf */; };
		4E63131D1C1FB28000EB78F9 /* Lato-Italic.ttf in Resources */ = {isa = PBXBuildFile; fileRef = 4E6312EA1C1FB28000EB78F9 /* Lato-Italic.ttf */; };
		4E63131E1C1FB28000EB78F9 /* Lato-Light.ttf in Resources */ = {isa = PBXBuildFile; fileRef = 4E6312EB1C1FB28000EB78F9 /* Lato-Light.ttf */; };
		4E63131F1C1FB28000EB78F9 /* Lato-LightItalic.ttf in Resources */ = {isa = PBXBuildFile; fileRef = 4E6312EC1C1FB28000EB78F9 /* Lato-LightItalic.ttf */; };
		4E6313201C1FB28000EB78F9 /* Lato-Medium.ttf in Resources */ = {isa = PBXBuildFile; fileRef = 4E6312ED1C1FB28000EB78F9 /* Lato-Medium.ttf */; };
		4E6313211C1FB28000EB78F9 /* Lato-MediumItalic.ttf in Resources */ = {isa = PBXBuildFile; fileRef = 4E6312EE1C1FB28000EB78F9 /* Lato-MediumItalic.ttf */; };
		4E6313221C1FB28000EB78F9 /* Lato-Regular.ttf in Resources */ = {isa = PBXBuildFile; fileRef = 4E6312EF1C1FB28000EB78F9 /* Lato-Regular.ttf */; };
		4E6313231C1FB28000EB78F9 /* Lato-Semibold.ttf in Resources */ = {isa = PBXBuildFile; fileRef = 4E6312F01C1FB28000EB78F9 /* Lato-Semibold.ttf */; };
		4E6313241C1FB28000EB78F9 /* Lato-SemiboldItalic.ttf in Resources */ = {isa = PBXBuildFile; fileRef = 4E6312F11C1FB28000EB78F9 /* Lato-SemiboldItalic.ttf */; };
		4E6313251C1FB28000EB78F9 /* Lato-Thin.ttf in Resources */ = {isa = PBXBuildFile; fileRef = 4E6312F21C1FB28000EB78F9 /* Lato-Thin.ttf */; };
		4E6313261C1FB28000EB78F9 /* Lato-ThinItalic.ttf in Resources */ = {isa = PBXBuildFile; fileRef = 4E6312F31C1FB28000EB78F9 /* Lato-ThinItalic.ttf */; };
		4E63132B1C1FB2DE00EB78F9 /* User.swift in Sources */ = {isa = PBXBuildFile; fileRef = 4E6313271C1FB2DE00EB78F9 /* User.swift */; };
		4E63132C1C1FB2DE00EB78F9 /* List.swift in Sources */ = {isa = PBXBuildFile; fileRef = 4E6313281C1FB2DE00EB78F9 /* List.swift */; };
		4E63132D1C1FB2DE00EB78F9 /* Event.swift in Sources */ = {isa = PBXBuildFile; fileRef = 4E6313291C1FB2DE00EB78F9 /* Event.swift */; };
		4E63132E1C1FB2DE00EB78F9 /* Venue.swift in Sources */ = {isa = PBXBuildFile; fileRef = 4E63132A1C1FB2DE00EB78F9 /* Venue.swift */; };
		4E6313321C1FB30400EB78F9 /* ShortList.xcdatamodeld in Sources */ = {isa = PBXBuildFile; fileRef = 4E6313301C1FB30400EB78F9 /* ShortList.xcdatamodeld */; };
		4E6313341C1FB56D00EB78F9 /* SwiftyJSON.swift in Sources */ = {isa = PBXBuildFile; fileRef = 4E6313331C1FB56D00EB78F9 /* SwiftyJSON.swift */; };
		4E6313421C1FB60A00EB78F9 /* FetchedResultsTableViewController.swift in Sources */ = {isa = PBXBuildFile; fileRef = 4E6313381C1FB60A00EB78F9 /* FetchedResultsTableViewController.swift */; };
		4E6313431C1FB60A00EB78F9 /* FetchedResultsDataSource.swift in Sources */ = {isa = PBXBuildFile; fileRef = 4E6313391C1FB60A00EB78F9 /* FetchedResultsDataSource.swift */; };
		4E6313441C1FB60A00EB78F9 /* FetchedResultsTableViewDataSource.swift in Sources */ = {isa = PBXBuildFile; fileRef = 4E63133A1C1FB60A00EB78F9 /* FetchedResultsTableViewDataSource.swift */; };
		4E6313451C1FB60A00EB78F9 /* PlaceholderView.swift in Sources */ = {isa = PBXBuildFile; fileRef = 4E63133B1C1FB60A00EB78F9 /* PlaceholderView.swift */; };
		4E6313461C1FB60A00EB78F9 /* ManagedObjectObserver.swift in Sources */ = {isa = PBXBuildFile; fileRef = 4E63133C1C1FB60A00EB78F9 /* ManagedObjectObserver.swift */; };
		4E6313471C1FB60A00EB78F9 /* SubscriptionLoader.swift in Sources */ = {isa = PBXBuildFile; fileRef = 4E63133D1C1FB60A00EB78F9 /* SubscriptionLoader.swift */; };
		4E6313481C1FB60A00EB78F9 /* ContentLoading.swift in Sources */ = {isa = PBXBuildFile; fileRef = 4E63133E1C1FB60A00EB78F9 /* ContentLoading.swift */; };
		4E6313491C1FB60A00EB78F9 /* FunctionalAdditions.swift in Sources */ = {isa = PBXBuildFile; fileRef = 4E63133F1C1FB60A00EB78F9 /* FunctionalAdditions.swift */; };
		4E63134A1C1FB60A00EB78F9 /* MeteorExtensions.swift in Sources */ = {isa = PBXBuildFile; fileRef = 4E6313401C1FB60A00EB78F9 /* MeteorExtensions.swift */; };
		4E63134B1C1FB60A00EB78F9 /* FoundationExtensions.swift in Sources */ = {isa = PBXBuildFile; fileRef = 4E6313411C1FB60A00EB78F9 /* FoundationExtensions.swift */; };
		4E63134E1C1FBAED00EB78F9 /* ListsViewController.swift in Sources */ = {isa = PBXBuildFile; fileRef = 4E63134D1C1FBAED00EB78F9 /* ListsViewController.swift */; };
		4E6313501C1FBB3300EB78F9 /* ListDetailViewController.swift in Sources */ = {isa = PBXBuildFile; fileRef = 4E63134F1C1FBB3300EB78F9 /* ListDetailViewController.swift */; };
		4E6313541C20E24C00EB78F9 /* Colors.swift in Sources */ = {isa = PBXBuildFile; fileRef = 4E6313531C20E24C00EB78F9 /* Colors.swift */; };
		4E719C0D1C3F60C3009989AC /* SelectListViewController.swift in Sources */ = {isa = PBXBuildFile; fileRef = 4E719C0C1C3F60C3009989AC /* SelectListViewController.swift */; };
		4E719C0F1C407087009989AC /* EventConfiguration.swift in Sources */ = {isa = PBXBuildFile; fileRef = 4E719C0E1C407087009989AC /* EventConfiguration.swift */; };
		4E719C131C4075C2009989AC /* Date.swift in Sources */ = {isa = PBXBuildFile; fileRef = 4E719C121C4075C2009989AC /* Date.swift */; };
		4E7C60821C3B5F420042CE4F /* EventsViewController.swift in Sources */ = {isa = PBXBuildFile; fileRef = 4E7C60811C3B5F420042CE4F /* EventsViewController.swift */; };
		4E7C60841C3B5FD30042CE4F /* EventsTableViewCell.swift in Sources */ = {isa = PBXBuildFile; fileRef = 4E7C60831C3B5FD30042CE4F /* EventsTableViewCell.swift */; };
		4E7C60861C3B62F70042CE4F /* EventsNavigationViewController.swift in Sources */ = {isa = PBXBuildFile; fileRef = 4E7C60851C3B62F70042CE4F /* EventsNavigationViewController.swift */; };
		4EA3652A1C2224B500C90249 /* SignInViewController.swift in Sources */ = {isa = PBXBuildFile; fileRef = 4EA365291C2224B500C90249 /* SignInViewController.swift */; };
		4EA365301C2380BD00C90249 /* AccountManager.swift in Sources */ = {isa = PBXBuildFile; fileRef = 4EA3652F1C2380BD00C90249 /* AccountManager.swift */; };
		4EA365321C23AFCA00C90249 /* ContactsViewController.swift in Sources */ = {isa = PBXBuildFile; fileRef = 4EA365311C23AFCA00C90249 /* ContactsViewController.swift */; };
		4EA365341C23B4D300C90249 /* Contact.swift in Sources */ = {isa = PBXBuildFile; fileRef = 4EA365331C23B4D300C90249 /* Contact.swift */; };
		4EA365361C23C44A00C90249 /* MeteorContactService.swift in Sources */ = {isa = PBXBuildFile; fileRef = 4EA365351C23C44A00C90249 /* MeteorContactService.swift */; };
		4EA89FB71C25E0F200163C57 /* ListsTabBarController.swift in Sources */ = {isa = PBXBuildFile; fileRef = 4EA89FB61C25E0F200163C57 /* ListsTabBarController.swift */; };
		4EA89FBB1C261AD800163C57 /* CreateListViewController.swift in Sources */ = {isa = PBXBuildFile; fileRef = 4EA89FBA1C261AD800163C57 /* CreateListViewController.swift */; };
		4EA89FBD1C27097900163C57 /* SelectContactsViewController.swift in Sources */ = {isa = PBXBuildFile; fileRef = 4EA89FBC1C27097900163C57 /* SelectContactsViewController.swift */; };
		EDC38BDC8C7C0EF0ABD622BE /* Pods.framework in Frameworks */ = {isa = PBXBuildFile; fileRef = 90A2DD5B22DC715FCEC00F2E /* Pods.framework */; };
/* End PBXBuildFile section */

/* Begin PBXContainerItemProxy section */
		4E6312751C1FA7D500EB78F9 /* PBXContainerItemProxy */ = {
			isa = PBXContainerItemProxy;
			containerPortal = 4E6312581C1FA7D500EB78F9 /* Project object */;
			proxyType = 1;
			remoteGlobalIDString = 4E63125F1C1FA7D500EB78F9;
			remoteInfo = ShortList;
		};
		4E6312801C1FA7D500EB78F9 /* PBXContainerItemProxy */ = {
			isa = PBXContainerItemProxy;
			containerPortal = 4E6312581C1FA7D500EB78F9 /* Project object */;
			proxyType = 1;
			remoteGlobalIDString = 4E63125F1C1FA7D500EB78F9;
			remoteInfo = ShortList;
		};
/* End PBXContainerItemProxy section */

/* Begin PBXFileReference section */
		4E233C861C3CA46400FDC1B9 /* MeteorEventService.swift */ = {isa = PBXFileReference; fileEncoding = 4; lastKnownFileType = sourcecode.swift; path = MeteorEventService.swift; sourceTree = "<group>"; };
		4E233C881C3CA61700FDC1B9 /* CreateEventViewController.swift */ = {isa = PBXFileReference; fileEncoding = 4; lastKnownFileType = sourcecode.swift; path = CreateEventViewController.swift; sourceTree = "<group>"; };
		4E233C8A1C3CBDAC00FDC1B9 /* PopDateViewController.xib */ = {isa = PBXFileReference; fileEncoding = 4; lastKnownFileType = file.xib; path = PopDateViewController.xib; sourceTree = "<group>"; };
		4E233C8B1C3CBDAC00FDC1B9 /* PopDatePicker.swift */ = {isa = PBXFileReference; fileEncoding = 4; lastKnownFileType = sourcecode.swift; path = PopDatePicker.swift; sourceTree = "<group>"; };
		4E233C8C1C3CBDAC00FDC1B9 /* PopDateViewController.swift */ = {isa = PBXFileReference; fileEncoding = 4; lastKnownFileType = sourcecode.swift; path = PopDateViewController.swift; sourceTree = "<group>"; };
		4E3288C01C24B19A00F936DF /* UIMaterialTextField.swift */ = {isa = PBXFileReference; fileEncoding = 4; lastKnownFileType = sourcecode.swift; path = UIMaterialTextField.swift; sourceTree = "<group>"; };
		4E3288C41C24B99C00F936DF /* CreateContactViewController.swift */ = {isa = PBXFileReference; fileEncoding = 4; lastKnownFileType = sourcecode.swift; path = CreateContactViewController.swift; sourceTree = "<group>"; };
		4E3288C61C24CCE500F936DF /* MenuTableViewCell.xib */ = {isa = PBXFileReference; fileEncoding = 4; lastKnownFileType = file.xib; path = MenuTableViewCell.xib; sourceTree = "<group>"; };
		4E3288C81C24CD4600F936DF /* ContactsTableViewCell.swift */ = {isa = PBXFileReference; fileEncoding = 4; lastKnownFileType = sourcecode.swift; path = ContactsTableViewCell.swift; sourceTree = "<group>"; };
		4E40EE921C41EE9F00087C2E /* EventDetailViewController.swift */ = {isa = PBXFileReference; fileEncoding = 4; lastKnownFileType = sourcecode.swift; path = EventDetailViewController.swift; sourceTree = "<group>"; };
		4E57A78C1C28EEB50070AEB3 /* MeteorListService.swift */ = {isa = PBXFileReference; fileEncoding = 4; lastKnownFileType = sourcecode.swift; path = MeteorListService.swift; sourceTree = "<group>"; };
		4E57A7901C2B38D30070AEB3 /* ImportContacts.swift */ = {isa = PBXFileReference; fileEncoding = 4; lastKnownFileType = sourcecode.swift; path = ImportContacts.swift; sourceTree = "<group>"; };
		4E57A7921C2B3F2A0070AEB3 /* ListsTableViewCell.swift */ = {isa = PBXFileReference; fileEncoding = 4; lastKnownFileType = sourcecode.swift; path = ListsTableViewCell.swift; sourceTree = "<group>"; };
		4E582A7A1C3F48AB00052399 /* SelectVenueViewController.swift */ = {isa = PBXFileReference; fileEncoding = 4; lastKnownFileType = sourcecode.swift; path = SelectVenueViewController.swift; sourceTree = "<group>"; };
		4E5AF2291C45E5CE00192C40 /* JoinedListsViewController.swift */ = {isa = PBXFileReference; fileEncoding = 4; lastKnownFileType = sourcecode.swift; path = JoinedListsViewController.swift; sourceTree = "<group>"; };
		4E60A0D01C2C2E8300D66A9A /* ContactsNavigationViewController.swift */ = {isa = PBXFileReference; fileEncoding = 4; lastKnownFileType = sourcecode.swift; path = ContactsNavigationViewController.swift; sourceTree = "<group>"; };
		4E60A0D21C2C6D7F00D66A9A /* VenuesNavigationViewController.swift */ = {isa = PBXFileReference; fileEncoding = 4; lastKnownFileType = sourcecode.swift; path = VenuesNavigationViewController.swift; sourceTree = "<group>"; };
		4E60A0D41C2C6DA400D66A9A /* VenuesViewController.swift */ = {isa = PBXFileReference; fileEncoding = 4; lastKnownFileType = sourcecode.swift; path = VenuesViewController.swift; sourceTree = "<group>"; };
		4E60A0D71C2F1C7800D66A9A /* Location.swift */ = {isa = PBXFileReference; fileEncoding = 4; lastKnownFileType = sourcecode.swift; path = Location.swift; sourceTree = "<group>"; };
		4E60A0D91C2F1E7100D66A9A /* VenuesTableViewCell.swift */ = {isa = PBXFileReference; fileEncoding = 4; lastKnownFileType = sourcecode.swift; path = VenuesTableViewCell.swift; sourceTree = "<group>"; };
		4E60A0DB1C30750300D66A9A /* MeteorVenueService.swift */ = {isa = PBXFileReference; fileEncoding = 4; lastKnownFileType = sourcecode.swift; path = MeteorVenueService.swift; sourceTree = "<group>"; };
		4E60A0DD1C30851900D66A9A /* PlacePickerViewController.swift */ = {isa = PBXFileReference; fileEncoding = 4; lastKnownFileType = sourcecode.swift; path = PlacePickerViewController.swift; sourceTree = "<group>"; };
		4E60A0DF1C35A6FA00D66A9A /* CreateVenueViewController.swift */ = {isa = PBXFileReference; fileEncoding = 4; lastKnownFileType = sourcecode.swift; path = CreateVenueViewController.swift; sourceTree = "<group>"; };
		4E6312601C1FA7D500EB78F9 /* ShortList.app */ = {isa = PBXFileReference; explicitFileType = wrapper.application; includeInIndex = 0; path = ShortList.app; sourceTree = BUILT_PRODUCTS_DIR; };
		4E6312631C1FA7D500EB78F9 /* AppDelegate.swift */ = {isa = PBXFileReference; lastKnownFileType = sourcecode.swift; path = AppDelegate.swift; sourceTree = "<group>"; };
		4E6312651C1FA7D500EB78F9 /* LeftViewController.swift */ = {isa = PBXFileReference; lastKnownFileType = sourcecode.swift; path = LeftViewController.swift; sourceTree = "<group>"; };
		4E6312681C1FA7D500EB78F9 /* Base */ = {isa = PBXFileReference; lastKnownFileType = file.storyboard; name = Base; path = Base.lproj/Main.storyboard; sourceTree = "<group>"; };
		4E63126A1C1FA7D500EB78F9 /* Assets.xcassets */ = {isa = PBXFileReference; lastKnownFileType = folder.assetcatalog; path = Assets.xcassets; sourceTree = "<group>"; };
		4E63126D1C1FA7D500EB78F9 /* Base */ = {isa = PBXFileReference; lastKnownFileType = file.storyboard; name = Base; path = Base.lproj/LaunchScreen.storyboard; sourceTree = "<group>"; };
		4E63126F1C1FA7D500EB78F9 /* Info.plist */ = {isa = PBXFileReference; lastKnownFileType = text.plist.xml; path = Info.plist; sourceTree = "<group>"; };
		4E6312741C1FA7D500EB78F9 /* ShortListTests.xctest */ = {isa = PBXFileReference; explicitFileType = wrapper.cfbundle; includeInIndex = 0; path = ShortListTests.xctest; sourceTree = BUILT_PRODUCTS_DIR; };
		4E6312781C1FA7D500EB78F9 /* ShortListTests.swift */ = {isa = PBXFileReference; lastKnownFileType = sourcecode.swift; path = ShortListTests.swift; sourceTree = "<group>"; };
		4E63127A1C1FA7D500EB78F9 /* Info.plist */ = {isa = PBXFileReference; lastKnownFileType = text.plist.xml; path = Info.plist; sourceTree = "<group>"; };
		4E63127F1C1FA7D500EB78F9 /* ShortListUITests.xctest */ = {isa = PBXFileReference; explicitFileType = wrapper.cfbundle; includeInIndex = 0; path = ShortListUITests.xctest; sourceTree = BUILT_PRODUCTS_DIR; };
		4E6312831C1FA7D500EB78F9 /* ShortListUITests.swift */ = {isa = PBXFileReference; lastKnownFileType = sourcecode.swift; path = ShortListUITests.swift; sourceTree = "<group>"; };
		4E6312851C1FA7D500EB78F9 /* Info.plist */ = {isa = PBXFileReference; lastKnownFileType = text.plist.xml; path = Info.plist; sourceTree = "<group>"; };
		4E6312911C1FAC0000EB78F9 /* HomeViewController.swift */ = {isa = PBXFileReference; fileEncoding = 4; lastKnownFileType = sourcecode.swift; path = HomeViewController.swift; sourceTree = "<group>"; };
		4E6312941C1FAD2100EB78F9 /* SLSlideMenuController.swift */ = {isa = PBXFileReference; fileEncoding = 4; lastKnownFileType = sourcecode.swift; path = SLSlideMenuController.swift; sourceTree = "<group>"; };
		4E6312961C1FAF2D00EB78F9 /* UIImageView.swift */ = {isa = PBXFileReference; fileEncoding = 4; lastKnownFileType = sourcecode.swift; path = UIImageView.swift; sourceTree = "<group>"; };
		4E6312981C1FAF2D00EB78F9 /* UITableViewExtension.swift */ = {isa = PBXFileReference; fileEncoding = 4; lastKnownFileType = sourcecode.swift; path = UITableViewExtension.swift; sourceTree = "<group>"; };
		4E6312991C1FAF2D00EB78F9 /* UIApplication.swift */ = {isa = PBXFileReference; fileEncoding = 4; lastKnownFileType = sourcecode.swift; path = UIApplication.swift; sourceTree = "<group>"; };
		4E63129A1C1FAF2D00EB78F9 /* UIViewController.swift */ = {isa = PBXFileReference; fileEncoding = 4; lastKnownFileType = sourcecode.swift; path = UIViewController.swift; sourceTree = "<group>"; };
		4E63129B1C1FAF2D00EB78F9 /* UIImage.swift */ = {isa = PBXFileReference; fileEncoding = 4; lastKnownFileType = sourcecode.swift; path = UIImage.swift; sourceTree = "<group>"; };
		4E63129C1C1FAF2D00EB78F9 /* String.swift */ = {isa = PBXFileReference; fileEncoding = 4; lastKnownFileType = sourcecode.swift; path = String.swift; sourceTree = "<group>"; };
		4E63129D1C1FAF2D00EB78F9 /* UIView.swift */ = {isa = PBXFileReference; fileEncoding = 4; lastKnownFileType = sourcecode.swift; path = UIView.swift; sourceTree = "<group>"; };
		4E6312A71C1FAF9400EB78F9 /* ImageHeaderView.xib */ = {isa = PBXFileReference; fileEncoding = 4; lastKnownFileType = file.xib; path = ImageHeaderView.xib; sourceTree = "<group>"; };
		4E6312A91C1FAFA000EB78F9 /* ImageHeaderView.swift */ = {isa = PBXFileReference; fileEncoding = 4; lastKnownFileType = sourcecode.swift; path = ImageHeaderView.swift; sourceTree = "<group>"; };
		4E6312AD1C1FAFC400EB78F9 /* BaseTableViewCell.swift */ = {isa = PBXFileReference; fileEncoding = 4; lastKnownFileType = sourcecode.swift; path = BaseTableViewCell.swift; sourceTree = "<group>"; };
		4E6312AE1C1FAFC400EB78F9 /* MenuTableViewCell.swift */ = {isa = PBXFileReference; fileEncoding = 4; lastKnownFileType = sourcecode.swift; path = MenuTableViewCell.swift; sourceTree = "<group>"; };
		4E6312B41C1FB17200EB78F9 /* Info.plist */ = {isa = PBXFileReference; fileEncoding = 4; lastKnownFileType = text.plist.xml; path = Info.plist; sourceTree = "<group>"; };
		4E6312B51C1FB17200EB78F9 /* SlideMenuController.swift */ = {isa = PBXFileReference; fileEncoding = 4; lastKnownFileType = sourcecode.swift; path = SlideMenuController.swift; sourceTree = "<group>"; };
		4E6312B61C1FB17200EB78F9 /* SlideMenuControllerSwift.h */ = {isa = PBXFileReference; fileEncoding = 4; lastKnownFileType = sourcecode.c.h; path = SlideMenuControllerSwift.h; sourceTree = "<group>"; };
		4E6312BA1C1FB27F00EB78F9 /* AsyncButton.swift */ = {isa = PBXFileReference; fileEncoding = 4; lastKnownFileType = sourcecode.swift; path = AsyncButton.swift; sourceTree = "<group>"; };
		4E6312BB1C1FB27F00EB78F9 /* AsyncImageView.swift */ = {isa = PBXFileReference; fileEncoding = 4; lastKnownFileType = sourcecode.swift; path = AsyncImageView.swift; sourceTree = "<group>"; };
		4E6312BC1C1FB27F00EB78F9 /* AutoTextView.swift */ = {isa = PBXFileReference; fileEncoding = 4; lastKnownFileType = sourcecode.swift; path = AutoTextView.swift; sourceTree = "<group>"; };
		4E6312BD1C1FB27F00EB78F9 /* BlurView.swift */ = {isa = PBXFileReference; fileEncoding = 4; lastKnownFileType = sourcecode.swift; path = BlurView.swift; sourceTree = "<group>"; };
		4E6312BE1C1FB27F00EB78F9 /* DesignableButton.swift */ = {isa = PBXFileReference; fileEncoding = 4; lastKnownFileType = sourcecode.swift; path = DesignableButton.swift; sourceTree = "<group>"; };
		4E6312BF1C1FB27F00EB78F9 /* DesignableImageView.swift */ = {isa = PBXFileReference; fileEncoding = 4; lastKnownFileType = sourcecode.swift; path = DesignableImageView.swift; sourceTree = "<group>"; };
		4E6312C01C1FB27F00EB78F9 /* DesignableLabel.swift */ = {isa = PBXFileReference; fileEncoding = 4; lastKnownFileType = sourcecode.swift; path = DesignableLabel.swift; sourceTree = "<group>"; };
		4E6312C11C1FB27F00EB78F9 /* DesignableTabBarController.swift */ = {isa = PBXFileReference; fileEncoding = 4; lastKnownFileType = sourcecode.swift; path = DesignableTabBarController.swift; sourceTree = "<group>"; };
		4E6312C21C1FB27F00EB78F9 /* DesignableTextField.swift */ = {isa = PBXFileReference; fileEncoding = 4; lastKnownFileType = sourcecode.swift; path = DesignableTextField.swift; sourceTree = "<group>"; };
		4E6312C31C1FB27F00EB78F9 /* DesignableTextView.swift */ = {isa = PBXFileReference; fileEncoding = 4; lastKnownFileType = sourcecode.swift; path = DesignableTextView.swift; sourceTree = "<group>"; };
		4E6312C41C1FB27F00EB78F9 /* DesignableView.swift */ = {isa = PBXFileReference; fileEncoding = 4; lastKnownFileType = sourcecode.swift; path = DesignableView.swift; sourceTree = "<group>"; };
		4E6312C51C1FB27F00EB78F9 /* ImageLoader.swift */ = {isa = PBXFileReference; fileEncoding = 4; lastKnownFileType = sourcecode.swift; path = ImageLoader.swift; sourceTree = "<group>"; };
		4E6312C61C1FB27F00EB78F9 /* Info.plist */ = {isa = PBXFileReference; fileEncoding = 4; lastKnownFileType = text.plist.xml; path = Info.plist; sourceTree = "<group>"; };
		4E6312C71C1FB27F00EB78F9 /* KeyboardLayoutConstraint.swift */ = {isa = PBXFileReference; fileEncoding = 4; lastKnownFileType = sourcecode.swift; path = KeyboardLayoutConstraint.swift; sourceTree = "<group>"; };
		4E6312C81C1FB27F00EB78F9 /* LoadingView.swift */ = {isa = PBXFileReference; fileEncoding = 4; lastKnownFileType = sourcecode.swift; path = LoadingView.swift; sourceTree = "<group>"; };
		4E6312C91C1FB27F00EB78F9 /* LoadingView.xib */ = {isa = PBXFileReference; fileEncoding = 4; lastKnownFileType = file.xib; path = LoadingView.xib; sourceTree = "<group>"; };
		4E6312CA1C1FB27F00EB78F9 /* Misc.swift */ = {isa = PBXFileReference; fileEncoding = 4; lastKnownFileType = sourcecode.swift; path = Misc.swift; sourceTree = "<group>"; };
		4E6312CB1C1FB27F00EB78F9 /* SoundPlayer.swift */ = {isa = PBXFileReference; fileEncoding = 4; lastKnownFileType = sourcecode.swift; path = SoundPlayer.swift; sourceTree = "<group>"; };
		4E6312CC1C1FB27F00EB78F9 /* Spring.h */ = {isa = PBXFileReference; fileEncoding = 4; lastKnownFileType = sourcecode.c.h; path = Spring.h; sourceTree = "<group>"; };
		4E6312CD1C1FB27F00EB78F9 /* Spring.swift */ = {isa = PBXFileReference; fileEncoding = 4; lastKnownFileType = sourcecode.swift; path = Spring.swift; sourceTree = "<group>"; };
		4E6312CE1C1FB27F00EB78F9 /* SpringAnimation.swift */ = {isa = PBXFileReference; fileEncoding = 4; lastKnownFileType = sourcecode.swift; path = SpringAnimation.swift; sourceTree = "<group>"; };
		4E6312CF1C1FB27F00EB78F9 /* SpringButton.swift */ = {isa = PBXFileReference; fileEncoding = 4; lastKnownFileType = sourcecode.swift; path = SpringButton.swift; sourceTree = "<group>"; };
		4E6312D01C1FB27F00EB78F9 /* SpringImageView.swift */ = {isa = PBXFileReference; fileEncoding = 4; lastKnownFileType = sourcecode.swift; path = SpringImageView.swift; sourceTree = "<group>"; };
		4E6312D11C1FB27F00EB78F9 /* SpringLabel.swift */ = {isa = PBXFileReference; fileEncoding = 4; lastKnownFileType = sourcecode.swift; path = SpringLabel.swift; sourceTree = "<group>"; };
		4E6312D21C1FB27F00EB78F9 /* SpringTextField.swift */ = {isa = PBXFileReference; fileEncoding = 4; lastKnownFileType = sourcecode.swift; path = SpringTextField.swift; sourceTree = "<group>"; };
		4E6312D31C1FB27F00EB78F9 /* SpringTextView.swift */ = {isa = PBXFileReference; fileEncoding = 4; lastKnownFileType = sourcecode.swift; path = SpringTextView.swift; sourceTree = "<group>"; };
		4E6312D41C1FB27F00EB78F9 /* SpringView.swift */ = {isa = PBXFileReference; fileEncoding = 4; lastKnownFileType = sourcecode.swift; path = SpringView.swift; sourceTree = "<group>"; };
		4E6312D51C1FB27F00EB78F9 /* TransitionManager.swift */ = {isa = PBXFileReference; fileEncoding = 4; lastKnownFileType = sourcecode.swift; path = TransitionManager.swift; sourceTree = "<group>"; };
		4E6312D61C1FB27F00EB78F9 /* TransitionZoom.swift */ = {isa = PBXFileReference; fileEncoding = 4; lastKnownFileType = sourcecode.swift; path = TransitionZoom.swift; sourceTree = "<group>"; };
		4E6312D71C1FB27F00EB78F9 /* UnwindSegue.swift */ = {isa = PBXFileReference; fileEncoding = 4; lastKnownFileType = sourcecode.swift; path = UnwindSegue.swift; sourceTree = "<group>"; };
		4E6312D91C1FB27F00EB78F9 /* TPKeyboardAvoidingCollectionView.h */ = {isa = PBXFileReference; fileEncoding = 4; lastKnownFileType = sourcecode.c.h; path = TPKeyboardAvoidingCollectionView.h; sourceTree = "<group>"; };
		4E6312DA1C1FB27F00EB78F9 /* TPKeyboardAvoidingCollectionView.m */ = {isa = PBXFileReference; fileEncoding = 4; lastKnownFileType = sourcecode.c.objc; path = TPKeyboardAvoidingCollectionView.m; sourceTree = "<group>"; };
		4E6312DB1C1FB27F00EB78F9 /* TPKeyboardAvoidingScrollView.h */ = {isa = PBXFileReference; fileEncoding = 4; lastKnownFileType = sourcecode.c.h; path = TPKeyboardAvoidingScrollView.h; sourceTree = "<group>"; };
		4E6312DC1C1FB27F00EB78F9 /* TPKeyboardAvoidingScrollView.m */ = {isa = PBXFileReference; fileEncoding = 4; lastKnownFileType = sourcecode.c.objc; path = TPKeyboardAvoidingScrollView.m; sourceTree = "<group>"; };
		4E6312DD1C1FB27F00EB78F9 /* TPKeyboardAvoidingTableView.h */ = {isa = PBXFileReference; fileEncoding = 4; lastKnownFileType = sourcecode.c.h; path = TPKeyboardAvoidingTableView.h; sourceTree = "<group>"; };
		4E6312DE1C1FB27F00EB78F9 /* TPKeyboardAvoidingTableView.m */ = {isa = PBXFileReference; fileEncoding = 4; lastKnownFileType = sourcecode.c.objc; path = TPKeyboardAvoidingTableView.m; sourceTree = "<group>"; };
		4E6312DF1C1FB28000EB78F9 /* UIScrollView+TPKeyboardAvoidingAdditions.h */ = {isa = PBXFileReference; fileEncoding = 4; lastKnownFileType = sourcecode.c.h; path = "UIScrollView+TPKeyboardAvoidingAdditions.h"; sourceTree = "<group>"; };
		4E6312E01C1FB28000EB78F9 /* UIScrollView+TPKeyboardAvoidingAdditions.m */ = {isa = PBXFileReference; fileEncoding = 4; lastKnownFileType = sourcecode.c.objc; path = "UIScrollView+TPKeyboardAvoidingAdditions.m"; sourceTree = "<group>"; };
		4E6312E21C1FB28000EB78F9 /* Lato-Black.ttf */ = {isa = PBXFileReference; lastKnownFileType = file; path = "Lato-Black.ttf"; sourceTree = "<group>"; };
		4E6312E31C1FB28000EB78F9 /* Lato-BlackItalic.ttf */ = {isa = PBXFileReference; lastKnownFileType = file; path = "Lato-BlackItalic.ttf"; sourceTree = "<group>"; };
		4E6312E41C1FB28000EB78F9 /* Lato-Bold.ttf */ = {isa = PBXFileReference; lastKnownFileType = file; path = "Lato-Bold.ttf"; sourceTree = "<group>"; };
		4E6312E51C1FB28000EB78F9 /* Lato-BoldItalic.ttf */ = {isa = PBXFileReference; lastKnownFileType = file; path = "Lato-BoldItalic.ttf"; sourceTree = "<group>"; };
		4E6312E61C1FB28000EB78F9 /* Lato-Hairline.ttf */ = {isa = PBXFileReference; lastKnownFileType = file; path = "Lato-Hairline.ttf"; sourceTree = "<group>"; };
		4E6312E71C1FB28000EB78F9 /* Lato-HairlineItalic.ttf */ = {isa = PBXFileReference; lastKnownFileType = file; path = "Lato-HairlineItalic.ttf"; sourceTree = "<group>"; };
		4E6312E81C1FB28000EB78F9 /* Lato-Heavy.ttf */ = {isa = PBXFileReference; lastKnownFileType = file; path = "Lato-Heavy.ttf"; sourceTree = "<group>"; };
		4E6312E91C1FB28000EB78F9 /* Lato-HeavyItalic.ttf */ = {isa = PBXFileReference; lastKnownFileType = file; path = "Lato-HeavyItalic.ttf"; sourceTree = "<group>"; };
		4E6312EA1C1FB28000EB78F9 /* Lato-Italic.ttf */ = {isa = PBXFileReference; lastKnownFileType = file; path = "Lato-Italic.ttf"; sourceTree = "<group>"; };
		4E6312EB1C1FB28000EB78F9 /* Lato-Light.ttf */ = {isa = PBXFileReference; lastKnownFileType = file; path = "Lato-Light.ttf"; sourceTree = "<group>"; };
		4E6312EC1C1FB28000EB78F9 /* Lato-LightItalic.ttf */ = {isa = PBXFileReference; lastKnownFileType = file; path = "Lato-LightItalic.ttf"; sourceTree = "<group>"; };
		4E6312ED1C1FB28000EB78F9 /* Lato-Medium.ttf */ = {isa = PBXFileReference; lastKnownFileType = file; path = "Lato-Medium.ttf"; sourceTree = "<group>"; };
		4E6312EE1C1FB28000EB78F9 /* Lato-MediumItalic.ttf */ = {isa = PBXFileReference; lastKnownFileType = file; path = "Lato-MediumItalic.ttf"; sourceTree = "<group>"; };
		4E6312EF1C1FB28000EB78F9 /* Lato-Regular.ttf */ = {isa = PBXFileReference; lastKnownFileType = file; path = "Lato-Regular.ttf"; sourceTree = "<group>"; };
		4E6312F01C1FB28000EB78F9 /* Lato-Semibold.ttf */ = {isa = PBXFileReference; lastKnownFileType = file; path = "Lato-Semibold.ttf"; sourceTree = "<group>"; };
		4E6312F11C1FB28000EB78F9 /* Lato-SemiboldItalic.ttf */ = {isa = PBXFileReference; lastKnownFileType = file; path = "Lato-SemiboldItalic.ttf"; sourceTree = "<group>"; };
		4E6312F21C1FB28000EB78F9 /* Lato-Thin.ttf */ = {isa = PBXFileReference; lastKnownFileType = file; path = "Lato-Thin.ttf"; sourceTree = "<group>"; };
		4E6312F31C1FB28000EB78F9 /* Lato-ThinItalic.ttf */ = {isa = PBXFileReference; lastKnownFileType = file; path = "Lato-ThinItalic.ttf"; sourceTree = "<group>"; };
		4E6313271C1FB2DE00EB78F9 /* User.swift */ = {isa = PBXFileReference; fileEncoding = 4; lastKnownFileType = sourcecode.swift; path = User.swift; sourceTree = "<group>"; };
		4E6313281C1FB2DE00EB78F9 /* List.swift */ = {isa = PBXFileReference; fileEncoding = 4; lastKnownFileType = sourcecode.swift; path = List.swift; sourceTree = "<group>"; };
		4E6313291C1FB2DE00EB78F9 /* Event.swift */ = {isa = PBXFileReference; fileEncoding = 4; lastKnownFileType = sourcecode.swift; path = Event.swift; sourceTree = "<group>"; };
		4E63132A1C1FB2DE00EB78F9 /* Venue.swift */ = {isa = PBXFileReference; fileEncoding = 4; lastKnownFileType = sourcecode.swift; path = Venue.swift; sourceTree = "<group>"; };
		4E6313311C1FB30400EB78F9 /* ShortList.xcdatamodel */ = {isa = PBXFileReference; lastKnownFileType = wrapper.xcdatamodel; path = ShortList.xcdatamodel; sourceTree = "<group>"; };
		4E6313331C1FB56D00EB78F9 /* SwiftyJSON.swift */ = {isa = PBXFileReference; fileEncoding = 4; lastKnownFileType = sourcecode.swift; path = SwiftyJSON.swift; sourceTree = "<group>"; };
		4E6313381C1FB60A00EB78F9 /* FetchedResultsTableViewController.swift */ = {isa = PBXFileReference; fileEncoding = 4; lastKnownFileType = sourcecode.swift; path = FetchedResultsTableViewController.swift; sourceTree = "<group>"; };
		4E6313391C1FB60A00EB78F9 /* FetchedResultsDataSource.swift */ = {isa = PBXFileReference; fileEncoding = 4; lastKnownFileType = sourcecode.swift; path = FetchedResultsDataSource.swift; sourceTree = "<group>"; };
		4E63133A1C1FB60A00EB78F9 /* FetchedResultsTableViewDataSource.swift */ = {isa = PBXFileReference; fileEncoding = 4; lastKnownFileType = sourcecode.swift; path = FetchedResultsTableViewDataSource.swift; sourceTree = "<group>"; };
		4E63133B1C1FB60A00EB78F9 /* PlaceholderView.swift */ = {isa = PBXFileReference; fileEncoding = 4; lastKnownFileType = sourcecode.swift; path = PlaceholderView.swift; sourceTree = "<group>"; };
		4E63133C1C1FB60A00EB78F9 /* ManagedObjectObserver.swift */ = {isa = PBXFileReference; fileEncoding = 4; lastKnownFileType = sourcecode.swift; path = ManagedObjectObserver.swift; sourceTree = "<group>"; };
		4E63133D1C1FB60A00EB78F9 /* SubscriptionLoader.swift */ = {isa = PBXFileReference; fileEncoding = 4; lastKnownFileType = sourcecode.swift; path = SubscriptionLoader.swift; sourceTree = "<group>"; };
		4E63133E1C1FB60A00EB78F9 /* ContentLoading.swift */ = {isa = PBXFileReference; fileEncoding = 4; lastKnownFileType = sourcecode.swift; path = ContentLoading.swift; sourceTree = "<group>"; };
		4E63133F1C1FB60A00EB78F9 /* FunctionalAdditions.swift */ = {isa = PBXFileReference; fileEncoding = 4; lastKnownFileType = sourcecode.swift; path = FunctionalAdditions.swift; sourceTree = "<group>"; };
		4E6313401C1FB60A00EB78F9 /* MeteorExtensions.swift */ = {isa = PBXFileReference; fileEncoding = 4; lastKnownFileType = sourcecode.swift; path = MeteorExtensions.swift; sourceTree = "<group>"; };
		4E6313411C1FB60A00EB78F9 /* FoundationExtensions.swift */ = {isa = PBXFileReference; fileEncoding = 4; lastKnownFileType = sourcecode.swift; path = FoundationExtensions.swift; sourceTree = "<group>"; };
		4E63134D1C1FBAED00EB78F9 /* ListsViewController.swift */ = {isa = PBXFileReference; fileEncoding = 4; lastKnownFileType = sourcecode.swift; path = ListsViewController.swift; sourceTree = "<group>"; };
		4E63134F1C1FBB3300EB78F9 /* ListDetailViewController.swift */ = {isa = PBXFileReference; fileEncoding = 4; lastKnownFileType = sourcecode.swift; path = ListDetailViewController.swift; sourceTree = "<group>"; };
		4E6313531C20E24C00EB78F9 /* Colors.swift */ = {isa = PBXFileReference; fileEncoding = 4; lastKnownFileType = sourcecode.swift; path = Colors.swift; sourceTree = "<group>"; };
		4E719C0C1C3F60C3009989AC /* SelectListViewController.swift */ = {isa = PBXFileReference; fileEncoding = 4; lastKnownFileType = sourcecode.swift; path = SelectListViewController.swift; sourceTree = "<group>"; };
		4E719C0E1C407087009989AC /* EventConfiguration.swift */ = {isa = PBXFileReference; fileEncoding = 4; lastKnownFileType = sourcecode.swift; path = EventConfiguration.swift; sourceTree = "<group>"; };
		4E719C121C4075C2009989AC /* Date.swift */ = {isa = PBXFileReference; fileEncoding = 4; lastKnownFileType = sourcecode.swift; path = Date.swift; sourceTree = "<group>"; };
		4E7C60811C3B5F420042CE4F /* EventsViewController.swift */ = {isa = PBXFileReference; fileEncoding = 4; lastKnownFileType = sourcecode.swift; path = EventsViewController.swift; sourceTree = "<group>"; };
		4E7C60831C3B5FD30042CE4F /* EventsTableViewCell.swift */ = {isa = PBXFileReference; fileEncoding = 4; lastKnownFileType = sourcecode.swift; path = EventsTableViewCell.swift; sourceTree = "<group>"; };
		4E7C60851C3B62F70042CE4F /* EventsNavigationViewController.swift */ = {isa = PBXFileReference; fileEncoding = 4; lastKnownFileType = sourcecode.swift; path = EventsNavigationViewController.swift; sourceTree = "<group>"; };
		4EA365291C2224B500C90249 /* SignInViewController.swift */ = {isa = PBXFileReference; fileEncoding = 4; lastKnownFileType = sourcecode.swift; path = SignInViewController.swift; sourceTree = "<group>"; };
		4EA3652F1C2380BD00C90249 /* AccountManager.swift */ = {isa = PBXFileReference; fileEncoding = 4; lastKnownFileType = sourcecode.swift; path = AccountManager.swift; sourceTree = "<group>"; };
		4EA365311C23AFCA00C90249 /* ContactsViewController.swift */ = {isa = PBXFileReference; fileEncoding = 4; lastKnownFileType = sourcecode.swift; path = ContactsViewController.swift; sourceTree = "<group>"; };
		4EA365331C23B4D300C90249 /* Contact.swift */ = {isa = PBXFileReference; fileEncoding = 4; lastKnownFileType = sourcecode.swift; path = Contact.swift; sourceTree = "<group>"; };
		4EA365351C23C44A00C90249 /* MeteorContactService.swift */ = {isa = PBXFileReference; fileEncoding = 4; lastKnownFileType = sourcecode.swift; path = MeteorContactService.swift; sourceTree = "<group>"; };
		4EA89FB61C25E0F200163C57 /* ListsTabBarController.swift */ = {isa = PBXFileReference; fileEncoding = 4; lastKnownFileType = sourcecode.swift; path = ListsTabBarController.swift; sourceTree = "<group>"; };
		4EA89FBA1C261AD800163C57 /* CreateListViewController.swift */ = {isa = PBXFileReference; fileEncoding = 4; lastKnownFileType = sourcecode.swift; path = CreateListViewController.swift; sourceTree = "<group>"; };
		4EA89FBC1C27097900163C57 /* SelectContactsViewController.swift */ = {isa = PBXFileReference; fileEncoding = 4; lastKnownFileType = sourcecode.swift; path = SelectContactsViewController.swift; sourceTree = "<group>"; };
		90A2DD5B22DC715FCEC00F2E /* Pods.framework */ = {isa = PBXFileReference; explicitFileType = wrapper.framework; includeInIndex = 0; path = Pods.framework; sourceTree = BUILT_PRODUCTS_DIR; };
		A6D95D466AA0CD1F1DA86F9F /* Pods.debug.xcconfig */ = {isa = PBXFileReference; includeInIndex = 1; lastKnownFileType = text.xcconfig; name = Pods.debug.xcconfig; path = "Pods/Target Support Files/Pods/Pods.debug.xcconfig"; sourceTree = "<group>"; };
		FAC3F16DBC599F9FC99408F7 /* Pods.release.xcconfig */ = {isa = PBXFileReference; includeInIndex = 1; lastKnownFileType = text.xcconfig; name = Pods.release.xcconfig; path = "Pods/Target Support Files/Pods/Pods.release.xcconfig"; sourceTree = "<group>"; };
/* End PBXFileReference section */

/* Begin PBXFrameworksBuildPhase section */
		4E63125D1C1FA7D500EB78F9 /* Frameworks */ = {
			isa = PBXFrameworksBuildPhase;
			buildActionMask = 2147483647;
			files = (
				EDC38BDC8C7C0EF0ABD622BE /* Pods.framework in Frameworks */,
			);
			runOnlyForDeploymentPostprocessing = 0;
		};
		4E6312711C1FA7D500EB78F9 /* Frameworks */ = {
			isa = PBXFrameworksBuildPhase;
			buildActionMask = 2147483647;
			files = (
			);
			runOnlyForDeploymentPostprocessing = 0;
		};
		4E63127C1C1FA7D500EB78F9 /* Frameworks */ = {
			isa = PBXFrameworksBuildPhase;
			buildActionMask = 2147483647;
			files = (
			);
			runOnlyForDeploymentPostprocessing = 0;
		};
/* End PBXFrameworksBuildPhase section */

/* Begin PBXGroup section */
		1BB19A662E9A219673B293A9 /* Pods */ = {
			isa = PBXGroup;
			children = (
				A6D95D466AA0CD1F1DA86F9F /* Pods.debug.xcconfig */,
				FAC3F16DBC599F9FC99408F7 /* Pods.release.xcconfig */,
			);
			name = Pods;
			sourceTree = "<group>";
		};
		4E233C901C3CBDB200FDC1B9 /* PopDatePicker */ = {
			isa = PBXGroup;
			children = (
				4E233C8A1C3CBDAC00FDC1B9 /* PopDateViewController.xib */,
				4E233C8B1C3CBDAC00FDC1B9 /* PopDatePicker.swift */,
				4E233C8C1C3CBDAC00FDC1B9 /* PopDateViewController.swift */,
			);
			name = PopDatePicker;
			sourceTree = "<group>";
		};
		4E60A0D61C2C6E4400D66A9A /* Venue */ = {
			isa = PBXGroup;
			children = (
				4E60A0D21C2C6D7F00D66A9A /* VenuesNavigationViewController.swift */,
				4E60A0D41C2C6DA400D66A9A /* VenuesViewController.swift */,
				4E60A0DF1C35A6FA00D66A9A /* CreateVenueViewController.swift */,
			);
			name = Venue;
			sourceTree = "<group>";
		};
		4E6312571C1FA7D500EB78F9 = {
			isa = PBXGroup;
			children = (
				4E6312621C1FA7D500EB78F9 /* ShortList */,
				4E6312771C1FA7D500EB78F9 /* ShortListTests */,
				4E6312821C1FA7D500EB78F9 /* ShortListUITests */,
				4E6312611C1FA7D500EB78F9 /* Products */,
				1BB19A662E9A219673B293A9 /* Pods */,
				C410E71E5849E54A69911C63 /* Frameworks */,
			);
			sourceTree = "<group>";
		};
		4E6312611C1FA7D500EB78F9 /* Products */ = {
			isa = PBXGroup;
			children = (
				4E6312601C1FA7D500EB78F9 /* ShortList.app */,
				4E6312741C1FA7D500EB78F9 /* ShortListTests.xctest */,
				4E63127F1C1FA7D500EB78F9 /* ShortListUITests.xctest */,
			);
			name = Products;
			sourceTree = "<group>";
		};
		4E6312621C1FA7D500EB78F9 /* ShortList */ = {
			isa = PBXGroup;
			children = (
				4E6312671C1FA7D500EB78F9 /* Main.storyboard */,
				4E6312631C1FA7D500EB78F9 /* AppDelegate.swift */,
				4EA3652F1C2380BD00C90249 /* AccountManager.swift */,
				4E63132F1C1FB2E500EB78F9 /* Model */,
				4E7C607D1C39D3380042CE4F /* Service */,
				4E6312AB1C1FAFA500EB78F9 /* View */,
				4E6312931C1FAD0300EB78F9 /* ViewController */,
				4E6312A61C1FAF3400EB78F9 /* Extensions */,
				4E63134C1C1FB61200EB78F9 /* MeteorUI */,
				4E6313351C1FB59600EB78F9 /* Supporting Files */,
			);
			path = ShortList;
			sourceTree = "<group>";
		};
		4E6312771C1FA7D500EB78F9 /* ShortListTests */ = {
			isa = PBXGroup;
			children = (
				4E6312781C1FA7D500EB78F9 /* ShortListTests.swift */,
				4E63127A1C1FA7D500EB78F9 /* Info.plist */,
			);
			path = ShortListTests;
			sourceTree = "<group>";
		};
		4E6312821C1FA7D500EB78F9 /* ShortListUITests */ = {
			isa = PBXGroup;
			children = (
				4E6312831C1FA7D500EB78F9 /* ShortListUITests.swift */,
				4E6312851C1FA7D500EB78F9 /* Info.plist */,
			);
			path = ShortListUITests;
			sourceTree = "<group>";
		};
		4E6312931C1FAD0300EB78F9 /* ViewController */ = {
			isa = PBXGroup;
			children = (
				4EA365291C2224B500C90249 /* SignInViewController.swift */,
				4E60A0DD1C30851900D66A9A /* PlacePickerViewController.swift */,
				4EA89FC11C2709DF00163C57 /* Menu */,
				4EA89FBE1C27099F00163C57 /* Home */,
				4EA89FBF1C2709B200163C57 /* List */,
				4E60A0D61C2C6E4400D66A9A /* Venue */,
				4E7C607E1C3B5F210042CE4F /* Events */,
				4EA89FC01C2709CF00163C57 /* Contact */,
			);
			name = ViewController;
			sourceTree = "<group>";
		};
		4E6312A61C1FAF3400EB78F9 /* Extensions */ = {
			isa = PBXGroup;
			children = (
				4E6312961C1FAF2D00EB78F9 /* UIImageView.swift */,
				4E6312981C1FAF2D00EB78F9 /* UITableViewExtension.swift */,
				4E6312991C1FAF2D00EB78F9 /* UIApplication.swift */,
				4E63129A1C1FAF2D00EB78F9 /* UIViewController.swift */,
				4E63129B1C1FAF2D00EB78F9 /* UIImage.swift */,
				4E6313531C20E24C00EB78F9 /* Colors.swift */,
				4E719C121C4075C2009989AC /* Date.swift */,
				4E63129C1C1FAF2D00EB78F9 /* String.swift */,
				4E63129D1C1FAF2D00EB78F9 /* UIView.swift */,
			);
			name = Extensions;
			sourceTree = "<group>";
		};
		4E6312AB1C1FAFA500EB78F9 /* View */ = {
			isa = PBXGroup;
			children = (
				4E3288C61C24CCE500F936DF /* MenuTableViewCell.xib */,
				4E6312A91C1FAFA000EB78F9 /* ImageHeaderView.swift */,
				4E6312A71C1FAF9400EB78F9 /* ImageHeaderView.xib */,
				4E6312B21C1FAFCA00EB78F9 /* TableCellView */,
			);
			name = View;
			sourceTree = "<group>";
		};
		4E6312B21C1FAFCA00EB78F9 /* TableCellView */ = {
			isa = PBXGroup;
			children = (
				4E6312AD1C1FAFC400EB78F9 /* BaseTableViewCell.swift */,
				4E6312AE1C1FAFC400EB78F9 /* MenuTableViewCell.swift */,
				4E3288C81C24CD4600F936DF /* ContactsTableViewCell.swift */,
				4E57A7921C2B3F2A0070AEB3 /* ListsTableViewCell.swift */,
				4E60A0D91C2F1E7100D66A9A /* VenuesTableViewCell.swift */,
				4E7C60831C3B5FD30042CE4F /* EventsTableViewCell.swift */,
			);
			name = TableCellView;
			sourceTree = "<group>";
		};
		4E6312B31C1FB17200EB78F9 /* SlideMenuController */ = {
			isa = PBXGroup;
			children = (
				4E6312B41C1FB17200EB78F9 /* Info.plist */,
				4E6312B51C1FB17200EB78F9 /* SlideMenuController.swift */,
				4E6312B61C1FB17200EB78F9 /* SlideMenuControllerSwift.h */,
			);
			path = SlideMenuController;
			sourceTree = "<group>";
		};
		4E6312B91C1FB27F00EB78F9 /* Spring */ = {
			isa = PBXGroup;
			children = (
				4E6312BA1C1FB27F00EB78F9 /* AsyncButton.swift */,
				4E6312BB1C1FB27F00EB78F9 /* AsyncImageView.swift */,
				4E6312BC1C1FB27F00EB78F9 /* AutoTextView.swift */,
				4E6312BD1C1FB27F00EB78F9 /* BlurView.swift */,
				4E6312BE1C1FB27F00EB78F9 /* DesignableButton.swift */,
				4E6312BF1C1FB27F00EB78F9 /* DesignableImageView.swift */,
				4E6312C01C1FB27F00EB78F9 /* DesignableLabel.swift */,
				4E6312C11C1FB27F00EB78F9 /* DesignableTabBarController.swift */,
				4E6312C21C1FB27F00EB78F9 /* DesignableTextField.swift */,
				4E6312C31C1FB27F00EB78F9 /* DesignableTextView.swift */,
				4E6312C41C1FB27F00EB78F9 /* DesignableView.swift */,
				4E6312C51C1FB27F00EB78F9 /* ImageLoader.swift */,
				4E6312C61C1FB27F00EB78F9 /* Info.plist */,
				4E6312C71C1FB27F00EB78F9 /* KeyboardLayoutConstraint.swift */,
				4E6312C81C1FB27F00EB78F9 /* LoadingView.swift */,
				4E6312C91C1FB27F00EB78F9 /* LoadingView.xib */,
				4E6312CA1C1FB27F00EB78F9 /* Misc.swift */,
				4E6312CB1C1FB27F00EB78F9 /* SoundPlayer.swift */,
				4E6312CC1C1FB27F00EB78F9 /* Spring.h */,
				4E6312CD1C1FB27F00EB78F9 /* Spring.swift */,
				4E6312CE1C1FB27F00EB78F9 /* SpringAnimation.swift */,
				4E6312CF1C1FB27F00EB78F9 /* SpringButton.swift */,
				4E6312D01C1FB27F00EB78F9 /* SpringImageView.swift */,
				4E6312D11C1FB27F00EB78F9 /* SpringLabel.swift */,
				4E6312D21C1FB27F00EB78F9 /* SpringTextField.swift */,
				4E6312D31C1FB27F00EB78F9 /* SpringTextView.swift */,
				4E6312D41C1FB27F00EB78F9 /* SpringView.swift */,
				4E6312D51C1FB27F00EB78F9 /* TransitionManager.swift */,
				4E6312D61C1FB27F00EB78F9 /* TransitionZoom.swift */,
				4E6312D71C1FB27F00EB78F9 /* UnwindSegue.swift */,
			);
			path = Spring;
			sourceTree = "<group>";
		};
		4E6312D81C1FB27F00EB78F9 /* TPKeyboardAvoiding */ = {
			isa = PBXGroup;
			children = (
				4E6312D91C1FB27F00EB78F9 /* TPKeyboardAvoidingCollectionView.h */,
				4E6312DA1C1FB27F00EB78F9 /* TPKeyboardAvoidingCollectionView.m */,
				4E6312DB1C1FB27F00EB78F9 /* TPKeyboardAvoidingScrollView.h */,
				4E6312DC1C1FB27F00EB78F9 /* TPKeyboardAvoidingScrollView.m */,
				4E6312DD1C1FB27F00EB78F9 /* TPKeyboardAvoidingTableView.h */,
				4E6312DE1C1FB27F00EB78F9 /* TPKeyboardAvoidingTableView.m */,
				4E6312DF1C1FB28000EB78F9 /* UIScrollView+TPKeyboardAvoidingAdditions.h */,
				4E6312E01C1FB28000EB78F9 /* UIScrollView+TPKeyboardAvoidingAdditions.m */,
			);
			path = TPKeyboardAvoiding;
			sourceTree = "<group>";
		};
		4E6312E11C1FB28000EB78F9 /* Lato */ = {
			isa = PBXGroup;
			children = (
				4E6312E21C1FB28000EB78F9 /* Lato-Black.ttf */,
				4E6312E31C1FB28000EB78F9 /* Lato-BlackItalic.ttf */,
				4E6312E41C1FB28000EB78F9 /* Lato-Bold.ttf */,
				4E6312E51C1FB28000EB78F9 /* Lato-BoldItalic.ttf */,
				4E6312E61C1FB28000EB78F9 /* Lato-Hairline.ttf */,
				4E6312E71C1FB28000EB78F9 /* Lato-HairlineItalic.ttf */,
				4E6312E81C1FB28000EB78F9 /* Lato-Heavy.ttf */,
				4E6312E91C1FB28000EB78F9 /* Lato-HeavyItalic.ttf */,
				4E6312EA1C1FB28000EB78F9 /* Lato-Italic.ttf */,
				4E6312EB1C1FB28000EB78F9 /* Lato-Light.ttf */,
				4E6312EC1C1FB28000EB78F9 /* Lato-LightItalic.ttf */,
				4E6312ED1C1FB28000EB78F9 /* Lato-Medium.ttf */,
				4E6312EE1C1FB28000EB78F9 /* Lato-MediumItalic.ttf */,
				4E6312EF1C1FB28000EB78F9 /* Lato-Regular.ttf */,
				4E6312F01C1FB28000EB78F9 /* Lato-Semibold.ttf */,
				4E6312F11C1FB28000EB78F9 /* Lato-SemiboldItalic.ttf */,
				4E6312F21C1FB28000EB78F9 /* Lato-Thin.ttf */,
				4E6312F31C1FB28000EB78F9 /* Lato-ThinItalic.ttf */,
			);
			path = Lato;
			sourceTree = "<group>";
		};
		4E63132F1C1FB2E500EB78F9 /* Model */ = {
			isa = PBXGroup;
			children = (
				4E6313271C1FB2DE00EB78F9 /* User.swift */,
				4EA365331C23B4D300C90249 /* Contact.swift */,
				4E6313281C1FB2DE00EB78F9 /* List.swift */,
				4E6313291C1FB2DE00EB78F9 /* Event.swift */,
				4E63132A1C1FB2DE00EB78F9 /* Venue.swift */,
				4E60A0D71C2F1C7800D66A9A /* Location.swift */,
				4E719C0E1C407087009989AC /* EventConfiguration.swift */,
				4E6313301C1FB30400EB78F9 /* ShortList.xcdatamodeld */,
			);
			name = Model;
			sourceTree = "<group>";
		};
		4E6313351C1FB59600EB78F9 /* Supporting Files */ = {
			isa = PBXGroup;
			children = (
				4E3288C01C24B19A00F936DF /* UIMaterialTextField.swift */,
				4E63126A1C1FA7D500EB78F9 /* Assets.xcassets */,
				4E63126C1C1FA7D500EB78F9 /* LaunchScreen.storyboard */,
				4E63126F1C1FA7D500EB78F9 /* Info.plist */,
				4E6313331C1FB56D00EB78F9 /* SwiftyJSON.swift */,
				4E233C901C3CBDB200FDC1B9 /* PopDatePicker */,
				4E6312B31C1FB17200EB78F9 /* SlideMenuController */,
				4E6312B91C1FB27F00EB78F9 /* Spring */,
				4E6312D81C1FB27F00EB78F9 /* TPKeyboardAvoiding */,
				4E6312E11C1FB28000EB78F9 /* Lato */,
			);
			name = "Supporting Files";
			sourceTree = "<group>";
		};
		4E63134C1C1FB61200EB78F9 /* MeteorUI */ = {
			isa = PBXGroup;
			children = (
				4E6313381C1FB60A00EB78F9 /* FetchedResultsTableViewController.swift */,
				4E6313391C1FB60A00EB78F9 /* FetchedResultsDataSource.swift */,
				4E63133A1C1FB60A00EB78F9 /* FetchedResultsTableViewDataSource.swift */,
				4E63133B1C1FB60A00EB78F9 /* PlaceholderView.swift */,
				4E63133C1C1FB60A00EB78F9 /* ManagedObjectObserver.swift */,
				4E63133D1C1FB60A00EB78F9 /* SubscriptionLoader.swift */,
				4E63133E1C1FB60A00EB78F9 /* ContentLoading.swift */,
				4E63133F1C1FB60A00EB78F9 /* FunctionalAdditions.swift */,
				4E6313401C1FB60A00EB78F9 /* MeteorExtensions.swift */,
				4E6313411C1FB60A00EB78F9 /* FoundationExtensions.swift */,
			);
			name = MeteorUI;
			sourceTree = "<group>";
		};
		4E7C607D1C39D3380042CE4F /* Service */ = {
			isa = PBXGroup;
			children = (
				4EA365351C23C44A00C90249 /* MeteorContactService.swift */,
				4E57A78C1C28EEB50070AEB3 /* MeteorListService.swift */,
				4E60A0DB1C30750300D66A9A /* MeteorVenueService.swift */,
				4E233C861C3CA46400FDC1B9 /* MeteorEventService.swift */,
			);
			name = Service;
			sourceTree = "<group>";
		};
		4E7C607E1C3B5F210042CE4F /* Events */ = {
			isa = PBXGroup;
			children = (
				4E7C60851C3B62F70042CE4F /* EventsNavigationViewController.swift */,
				4E7C60811C3B5F420042CE4F /* EventsViewController.swift */,
				4E233C881C3CA61700FDC1B9 /* CreateEventViewController.swift */,
				4E719C0C1C3F60C3009989AC /* SelectListViewController.swift */,
				4E582A7A1C3F48AB00052399 /* SelectVenueViewController.swift */,
				4E40EE921C41EE9F00087C2E /* EventDetailViewController.swift */,
			);
			name = Events;
			sourceTree = "<group>";
		};
		4EA89FBE1C27099F00163C57 /* Home */ = {
			isa = PBXGroup;
			children = (
				4E6312911C1FAC0000EB78F9 /* HomeViewController.swift */,
			);
			name = Home;
			sourceTree = "<group>";
		};
		4EA89FBF1C2709B200163C57 /* List */ = {
			isa = PBXGroup;
			children = (
				4EA89FB61C25E0F200163C57 /* ListsTabBarController.swift */,
				4E63134D1C1FBAED00EB78F9 /* ListsViewController.swift */,
				4E5AF2291C45E5CE00192C40 /* JoinedListsViewController.swift */,
				4EA89FBA1C261AD800163C57 /* CreateListViewController.swift */,
				4EA89FBC1C27097900163C57 /* SelectContactsViewController.swift */,
				4E63134F1C1FBB3300EB78F9 /* ListDetailViewController.swift */,
			);
			name = List;
			sourceTree = "<group>";
		};
		4EA89FC01C2709CF00163C57 /* Contact */ = {
			isa = PBXGroup;
			children = (
				4E60A0D01C2C2E8300D66A9A /* ContactsNavigationViewController.swift */,
				4EA365311C23AFCA00C90249 /* ContactsViewController.swift */,
				4E3288C41C24B99C00F936DF /* CreateContactViewController.swift */,
				4E57A7901C2B38D30070AEB3 /* ImportContacts.swift */,
			);
			name = Contact;
			sourceTree = "<group>";
		};
		4EA89FC11C2709DF00163C57 /* Menu */ = {
			isa = PBXGroup;
			children = (
				4E6312651C1FA7D500EB78F9 /* LeftViewController.swift */,
				4E6312941C1FAD2100EB78F9 /* SLSlideMenuController.swift */,
			);
			name = Menu;
			sourceTree = "<group>";
		};
		C410E71E5849E54A69911C63 /* Frameworks */ = {
			isa = PBXGroup;
			children = (
				90A2DD5B22DC715FCEC00F2E /* Pods.framework */,
			);
			name = Frameworks;
			sourceTree = "<group>";
		};
/* End PBXGroup section */

/* Begin PBXNativeTarget section */
		4E63125F1C1FA7D500EB78F9 /* ShortList */ = {
			isa = PBXNativeTarget;
			buildConfigurationList = 4E6312881C1FA7D500EB78F9 /* Build configuration list for PBXNativeTarget "ShortList" */;
			buildPhases = (
				B309A1362921CFADF25958B6 /* Check Pods Manifest.lock */,
				4E63125C1C1FA7D500EB78F9 /* Sources */,
				4E63125D1C1FA7D500EB78F9 /* Frameworks */,
				4E63125E1C1FA7D500EB78F9 /* Resources */,
				939C2606B750B72ED30A0C17 /* Embed Pods Frameworks */,
				48E5DD0740D31201E30FC793 /* Copy Pods Resources */,
			);
			buildRules = (
			);
			dependencies = (
			);
			name = ShortList;
			productName = ShortList;
			productReference = 4E6312601C1FA7D500EB78F9 /* ShortList.app */;
			productType = "com.apple.product-type.application";
		};
		4E6312731C1FA7D500EB78F9 /* ShortListTests */ = {
			isa = PBXNativeTarget;
			buildConfigurationList = 4E63128B1C1FA7D500EB78F9 /* Build configuration list for PBXNativeTarget "ShortListTests" */;
			buildPhases = (
				4E6312701C1FA7D500EB78F9 /* Sources */,
				4E6312711C1FA7D500EB78F9 /* Frameworks */,
				4E6312721C1FA7D500EB78F9 /* Resources */,
			);
			buildRules = (
			);
			dependencies = (
				4E6312761C1FA7D500EB78F9 /* PBXTargetDependency */,
			);
			name = ShortListTests;
			productName = ShortListTests;
			productReference = 4E6312741C1FA7D500EB78F9 /* ShortListTests.xctest */;
			productType = "com.apple.product-type.bundle.unit-test";
		};
		4E63127E1C1FA7D500EB78F9 /* ShortListUITests */ = {
			isa = PBXNativeTarget;
			buildConfigurationList = 4E63128E1C1FA7D500EB78F9 /* Build configuration list for PBXNativeTarget "ShortListUITests" */;
			buildPhases = (
				4E63127B1C1FA7D500EB78F9 /* Sources */,
				4E63127C1C1FA7D500EB78F9 /* Frameworks */,
				4E63127D1C1FA7D500EB78F9 /* Resources */,
			);
			buildRules = (
			);
			dependencies = (
				4E6312811C1FA7D500EB78F9 /* PBXTargetDependency */,
			);
			name = ShortListUITests;
			productName = ShortListUITests;
			productReference = 4E63127F1C1FA7D500EB78F9 /* ShortListUITests.xctest */;
			productType = "com.apple.product-type.bundle.ui-testing";
		};
/* End PBXNativeTarget section */

/* Begin PBXProject section */
		4E6312581C1FA7D500EB78F9 /* Project object */ = {
			isa = PBXProject;
			attributes = {
				LastUpgradeCheck = 0700;
				ORGANIZATIONNAME = "Andrew Steinmeyer";
				TargetAttributes = {
					4E63125F1C1FA7D500EB78F9 = {
						CreatedOnToolsVersion = 7.0;
						DevelopmentTeam = 6S86S47ZGK;
					};
					4E6312731C1FA7D500EB78F9 = {
						CreatedOnToolsVersion = 7.0;
						TestTargetID = 4E63125F1C1FA7D500EB78F9;
					};
					4E63127E1C1FA7D500EB78F9 = {
						CreatedOnToolsVersion = 7.0;
						TestTargetID = 4E63125F1C1FA7D500EB78F9;
					};
				};
			};
			buildConfigurationList = 4E63125B1C1FA7D500EB78F9 /* Build configuration list for PBXProject "ShortList" */;
			compatibilityVersion = "Xcode 3.2";
			developmentRegion = English;
			hasScannedForEncodings = 0;
			knownRegions = (
				en,
				Base,
			);
			mainGroup = 4E6312571C1FA7D500EB78F9;
			productRefGroup = 4E6312611C1FA7D500EB78F9 /* Products */;
			projectDirPath = "";
			projectRoot = "";
			targets = (
				4E63125F1C1FA7D500EB78F9 /* ShortList */,
				4E6312731C1FA7D500EB78F9 /* ShortListTests */,
				4E63127E1C1FA7D500EB78F9 /* ShortListUITests */,
			);
		};
/* End PBXProject section */

/* Begin PBXResourcesBuildPhase section */
		4E63125E1C1FA7D500EB78F9 /* Resources */ = {
			isa = PBXResourcesBuildPhase;
			buildActionMask = 2147483647;
			files = (
				4E63131C1C1FB28000EB78F9 /* Lato-HeavyItalic.ttf in Resources */,
				4E63131D1C1FB28000EB78F9 /* Lato-Italic.ttf in Resources */,
				4E233C8D1C3CBDAC00FDC1B9 /* PopDateViewController.xib in Resources */,
				4E63131B1C1FB28000EB78F9 /* Lato-Heavy.ttf in Resources */,
				4E63131E1C1FB28000EB78F9 /* Lato-Light.ttf in Resources */,
				4E6313191C1FB28000EB78F9 /* Lato-Hairline.ttf in Resources */,
				4E6313241C1FB28000EB78F9 /* Lato-SemiboldItalic.ttf in Resources */,
				4E6313201C1FB28000EB78F9 /* Lato-Medium.ttf in Resources */,
				4E6313171C1FB28000EB78F9 /* Lato-Bold.ttf in Resources */,
				4E3288C71C24CCE500F936DF /* MenuTableViewCell.xib in Resources */,
				4E6313231C1FB28000EB78F9 /* Lato-Semibold.ttf in Resources */,
				4E6313151C1FB28000EB78F9 /* Lato-Black.ttf in Resources */,
				4E6313261C1FB28000EB78F9 /* Lato-ThinItalic.ttf in Resources */,
				4E63131A1C1FB28000EB78F9 /* Lato-HairlineItalic.ttf in Resources */,
				4E6313181C1FB28000EB78F9 /* Lato-BoldItalic.ttf in Resources */,
				4E6313161C1FB28000EB78F9 /* Lato-BlackItalic.ttf in Resources */,
				4E6313031C1FB28000EB78F9 /* LoadingView.xib in Resources */,
				4E63126E1C1FA7D500EB78F9 /* LaunchScreen.storyboard in Resources */,
				4E6312B71C1FB17200EB78F9 /* Info.plist in Resources */,
				4E63126B1C1FA7D500EB78F9 /* Assets.xcassets in Resources */,
				4E63131F1C1FB28000EB78F9 /* Lato-LightItalic.ttf in Resources */,
				4E6312691C1FA7D500EB78F9 /* Main.storyboard in Resources */,
				4E6313211C1FB28000EB78F9 /* Lato-MediumItalic.ttf in Resources */,
				4E6312A81C1FAF9400EB78F9 /* ImageHeaderView.xib in Resources */,
				4E6313251C1FB28000EB78F9 /* Lato-Thin.ttf in Resources */,
				4E6313001C1FB28000EB78F9 /* Info.plist in Resources */,
				4E6313221C1FB28000EB78F9 /* Lato-Regular.ttf in Resources */,
			);
			runOnlyForDeploymentPostprocessing = 0;
		};
		4E6312721C1FA7D500EB78F9 /* Resources */ = {
			isa = PBXResourcesBuildPhase;
			buildActionMask = 2147483647;
			files = (
			);
			runOnlyForDeploymentPostprocessing = 0;
		};
		4E63127D1C1FA7D500EB78F9 /* Resources */ = {
			isa = PBXResourcesBuildPhase;
			buildActionMask = 2147483647;
			files = (
			);
			runOnlyForDeploymentPostprocessing = 0;
		};
/* End PBXResourcesBuildPhase section */

/* Begin PBXShellScriptBuildPhase section */
		48E5DD0740D31201E30FC793 /* Copy Pods Resources */ = {
			isa = PBXShellScriptBuildPhase;
			buildActionMask = 2147483647;
			files = (
			);
			inputPaths = (
			);
			name = "Copy Pods Resources";
			outputPaths = (
			);
			runOnlyForDeploymentPostprocessing = 0;
			shellPath = /bin/sh;
			shellScript = "\"${SRCROOT}/Pods/Target Support Files/Pods/Pods-resources.sh\"\n";
			showEnvVarsInLog = 0;
		};
		939C2606B750B72ED30A0C17 /* Embed Pods Frameworks */ = {
			isa = PBXShellScriptBuildPhase;
			buildActionMask = 2147483647;
			files = (
			);
			inputPaths = (
			);
			name = "Embed Pods Frameworks";
			outputPaths = (
			);
			runOnlyForDeploymentPostprocessing = 0;
			shellPath = /bin/sh;
			shellScript = "\"${SRCROOT}/Pods/Target Support Files/Pods/Pods-frameworks.sh\"\n";
			showEnvVarsInLog = 0;
		};
		B309A1362921CFADF25958B6 /* Check Pods Manifest.lock */ = {
			isa = PBXShellScriptBuildPhase;
			buildActionMask = 2147483647;
			files = (
			);
			inputPaths = (
			);
			name = "Check Pods Manifest.lock";
			outputPaths = (
			);
			runOnlyForDeploymentPostprocessing = 0;
			shellPath = /bin/sh;
			shellScript = "diff \"${PODS_ROOT}/../Podfile.lock\" \"${PODS_ROOT}/Manifest.lock\" > /dev/null\nif [[ $? != 0 ]] ; then\n    cat << EOM\nerror: The sandbox is not in sync with the Podfile.lock. Run 'pod install' or update your CocoaPods installation.\nEOM\n    exit 1\nfi\n";
			showEnvVarsInLog = 0;
		};
/* End PBXShellScriptBuildPhase section */

/* Begin PBXSourcesBuildPhase section */
		4E63125C1C1FA7D500EB78F9 /* Sources */ = {
			isa = PBXSourcesBuildPhase;
			buildActionMask = 2147483647;
			files = (
				4E57A78D1C28EEB50070AEB3 /* MeteorListService.swift in Sources */,
				4E60A0DC1C30750300D66A9A /* MeteorVenueService.swift in Sources */,
				4E6313041C1FB28000EB78F9 /* Misc.swift in Sources */,
				4E6313541C20E24C00EB78F9 /* Colors.swift in Sources */,
				4E6313341C1FB56D00EB78F9 /* SwiftyJSON.swift in Sources */,
				4E63132E1C1FB2DE00EB78F9 /* Venue.swift in Sources */,
				4E6313071C1FB28000EB78F9 /* SpringAnimation.swift in Sources */,
				4E6312FA1C1FB28000EB78F9 /* DesignableLabel.swift in Sources */,
				4E7C60841C3B5FD30042CE4F /* EventsTableViewCell.swift in Sources */,
				4E6313051C1FB28000EB78F9 /* SoundPlayer.swift in Sources */,
				4EA365361C23C44A00C90249 /* MeteorContactService.swift in Sources */,
				4E6313011C1FB28000EB78F9 /* KeyboardLayoutConstraint.swift in Sources */,
				4EA3652A1C2224B500C90249 /* SignInViewController.swift in Sources */,
				4E233C871C3CA46400FDC1B9 /* MeteorEventService.swift in Sources */,
				4E6313091C1FB28000EB78F9 /* SpringImageView.swift in Sources */,
				4E6313121C1FB28000EB78F9 /* TPKeyboardAvoidingScrollView.m in Sources */,
				4E6312A11C1FAF2D00EB78F9 /* UIApplication.swift in Sources */,
				4E5AF22A1C45E5CE00192C40 /* JoinedListsViewController.swift in Sources */,
				4E6313441C1FB60A00EB78F9 /* FetchedResultsTableViewDataSource.swift in Sources */,
				4E6312FC1C1FB28000EB78F9 /* DesignableTextField.swift in Sources */,
				4E6313451C1FB60A00EB78F9 /* PlaceholderView.swift in Sources */,
				4E6312AA1C1FAFA000EB78F9 /* ImageHeaderView.swift in Sources */,
				4EA89FBD1C27097900163C57 /* SelectContactsViewController.swift in Sources */,
				4E6312F81C1FB28000EB78F9 /* DesignableButton.swift in Sources */,
				4E63134A1C1FB60A00EB78F9 /* MeteorExtensions.swift in Sources */,
				4E63130A1C1FB28000EB78F9 /* SpringLabel.swift in Sources */,
				4E6312F41C1FB28000EB78F9 /* AsyncButton.swift in Sources */,
				4E3288C91C24CD4600F936DF /* ContactsTableViewCell.swift in Sources */,
				4E6312A41C1FAF2D00EB78F9 /* String.swift in Sources */,
				4E60A0D81C2F1C7800D66A9A /* Location.swift in Sources */,
				4E6312A31C1FAF2D00EB78F9 /* UIImage.swift in Sources */,
				4E60A0D31C2C6D7F00D66A9A /* VenuesNavigationViewController.swift in Sources */,
				4E6312F51C1FB28000EB78F9 /* AsyncImageView.swift in Sources */,
				4E6312B01C1FAFC400EB78F9 /* BaseTableViewCell.swift in Sources */,
				4E6313481C1FB60A00EB78F9 /* ContentLoading.swift in Sources */,
				4E60A0D51C2C6DA400D66A9A /* VenuesViewController.swift in Sources */,
				4E719C0F1C407087009989AC /* EventConfiguration.swift in Sources */,
				4E7C60821C3B5F420042CE4F /* EventsViewController.swift in Sources */,
				4E719C131C4075C2009989AC /* Date.swift in Sources */,
				4EA89FBB1C261AD800163C57 /* CreateListViewController.swift in Sources */,
				4E6312661C1FA7D500EB78F9 /* LeftViewController.swift in Sources */,
				4E6313471C1FB60A00EB78F9 /* SubscriptionLoader.swift in Sources */,
				4E6312FB1C1FB28000EB78F9 /* DesignableTabBarController.swift in Sources */,
				4E6312A51C1FAF2D00EB78F9 /* UIView.swift in Sources */,
				4E63132B1C1FB2DE00EB78F9 /* User.swift in Sources */,
				4EA89FB71C25E0F200163C57 /* ListsTabBarController.swift in Sources */,
				4EA365301C2380BD00C90249 /* AccountManager.swift in Sources */,
				4E6312B11C1FAFC400EB78F9 /* MenuTableViewCell.swift in Sources */,
				4E63130E1C1FB28000EB78F9 /* TransitionManager.swift in Sources */,
				4E63132C1C1FB2DE00EB78F9 /* List.swift in Sources */,
				4E63132D1C1FB2DE00EB78F9 /* Event.swift in Sources */,
				4E6312FF1C1FB28000EB78F9 /* ImageLoader.swift in Sources */,
				4E6312A21C1FAF2D00EB78F9 /* UIViewController.swift in Sources */,
				4E3288C51C24B99C00F936DF /* CreateContactViewController.swift in Sources */,
				4E6312F91C1FB28000EB78F9 /* DesignableImageView.swift in Sources */,
				4E719C0D1C3F60C3009989AC /* SelectListViewController.swift in Sources */,
				4E6312F61C1FB28000EB78F9 /* AutoTextView.swift in Sources */,
				4E6313111C1FB28000EB78F9 /* TPKeyboardAvoidingCollectionView.m in Sources */,
				4E63130D1C1FB28000EB78F9 /* SpringView.swift in Sources */,
				4E63130F1C1FB28000EB78F9 /* TransitionZoom.swift in Sources */,
				4E6313491C1FB60A00EB78F9 /* FunctionalAdditions.swift in Sources */,
				4E63129E1C1FAF2D00EB78F9 /* UIImageView.swift in Sources */,
				4E6312951C1FAD2100EB78F9 /* SLSlideMenuController.swift in Sources */,
				4E60A0DA1C2F1E7100D66A9A /* VenuesTableViewCell.swift in Sources */,
				4E63134E1C1FBAED00EB78F9 /* ListsViewController.swift in Sources */,
				4EA365321C23AFCA00C90249 /* ContactsViewController.swift in Sources */,
				4E6313141C1FB28000EB78F9 /* UIScrollView+TPKeyboardAvoidingAdditions.m in Sources */,
				4E6312641C1FA7D500EB78F9 /* AppDelegate.swift in Sources */,
				4E6313021C1FB28000EB78F9 /* LoadingView.swift in Sources */,
				4E6312921C1FAC0000EB78F9 /* HomeViewController.swift in Sources */,
				4E6313081C1FB28000EB78F9 /* SpringButton.swift in Sources */,
				4E233C891C3CA61700FDC1B9 /* CreateEventViewController.swift in Sources */,
				4E6313461C1FB60A00EB78F9 /* ManagedObjectObserver.swift in Sources */,
				4E6312F71C1FB28000EB78F9 /* BlurView.swift in Sources */,
				4E60A0E01C35A6FA00D66A9A /* CreateVenueViewController.swift in Sources */,
				4E7C60861C3B62F70042CE4F /* EventsNavigationViewController.swift in Sources */,
				4E40EE931C41EE9F00087C2E /* EventDetailViewController.swift in Sources */,
				4E233C8F1C3CBDAC00FDC1B9 /* PopDateViewController.swift in Sources */,
				4E582A7B1C3F48AB00052399 /* SelectVenueViewController.swift in Sources */,
				4E63130B1C1FB28000EB78F9 /* SpringTextField.swift in Sources */,
				4E6313101C1FB28000EB78F9 /* UnwindSegue.swift in Sources */,
				4E60A0D11C2C2E8300D66A9A /* ContactsNavigationViewController.swift in Sources */,
				4E3288C11C24B19A00F936DF /* UIMaterialTextField.swift in Sources */,
				4E63130C1C1FB28000EB78F9 /* SpringTextView.swift in Sources */,
				4E6312FD1C1FB28000EB78F9 /* DesignableTextView.swift in Sources */,
				4E6313321C1FB30400EB78F9 /* ShortList.xcdatamodeld in Sources */,
				4E6313431C1FB60A00EB78F9 /* FetchedResultsDataSource.swift in Sources */,
				4E6313061C1FB28000EB78F9 /* Spring.swift in Sources */,
				4EA365341C23B4D300C90249 /* Contact.swift in Sources */,
				4E60A0DE1C30851900D66A9A /* PlacePickerViewController.swift in Sources */,
				4E6312B81C1FB17200EB78F9 /* SlideMenuController.swift in Sources */,
				4E57A7931C2B3F2A0070AEB3 /* ListsTableViewCell.swift in Sources */,
				4E6313501C1FBB3300EB78F9 /* ListDetailViewController.swift in Sources */,
				4E6313421C1FB60A00EB78F9 /* FetchedResultsTableViewController.swift in Sources */,
				4E57A7911C2B38D30070AEB3 /* ImportContacts.swift in Sources */,
				4E63134B1C1FB60A00EB78F9 /* FoundationExtensions.swift in Sources */,
				4E6312A01C1FAF2D00EB78F9 /* UITableViewExtension.swift in Sources */,
				4E233C8E1C3CBDAC00FDC1B9 /* PopDatePicker.swift in Sources */,
				4E6312FE1C1FB28000EB78F9 /* DesignableView.swift in Sources */,
				4E6313131C1FB28000EB78F9 /* TPKeyboardAvoidingTableView.m in Sources */,
			);
			runOnlyForDeploymentPostprocessing = 0;
		};
		4E6312701C1FA7D500EB78F9 /* Sources */ = {
			isa = PBXSourcesBuildPhase;
			buildActionMask = 2147483647;
			files = (
				4E6312791C1FA7D500EB78F9 /* ShortListTests.swift in Sources */,
			);
			runOnlyForDeploymentPostprocessing = 0;
		};
		4E63127B1C1FA7D500EB78F9 /* Sources */ = {
			isa = PBXSourcesBuildPhase;
			buildActionMask = 2147483647;
			files = (
				4E6312841C1FA7D500EB78F9 /* ShortListUITests.swift in Sources */,
			);
			runOnlyForDeploymentPostprocessing = 0;
		};
/* End PBXSourcesBuildPhase section */

/* Begin PBXTargetDependency section */
		4E6312761C1FA7D500EB78F9 /* PBXTargetDependency */ = {
			isa = PBXTargetDependency;
			target = 4E63125F1C1FA7D500EB78F9 /* ShortList */;
			targetProxy = 4E6312751C1FA7D500EB78F9 /* PBXContainerItemProxy */;
		};
		4E6312811C1FA7D500EB78F9 /* PBXTargetDependency */ = {
			isa = PBXTargetDependency;
			target = 4E63125F1C1FA7D500EB78F9 /* ShortList */;
			targetProxy = 4E6312801C1FA7D500EB78F9 /* PBXContainerItemProxy */;
		};
/* End PBXTargetDependency section */

/* Begin PBXVariantGroup section */
		4E6312671C1FA7D500EB78F9 /* Main.storyboard */ = {
			isa = PBXVariantGroup;
			children = (
				4E6312681C1FA7D500EB78F9 /* Base */,
			);
			name = Main.storyboard;
			sourceTree = "<group>";
		};
		4E63126C1C1FA7D500EB78F9 /* LaunchScreen.storyboard */ = {
			isa = PBXVariantGroup;
			children = (
				4E63126D1C1FA7D500EB78F9 /* Base */,
			);
			name = LaunchScreen.storyboard;
			sourceTree = "<group>";
		};
/* End PBXVariantGroup section */

/* Begin XCBuildConfiguration section */
		4E6312861C1FA7D500EB78F9 /* Debug */ = {
			isa = XCBuildConfiguration;
			buildSettings = {
				ALWAYS_SEARCH_USER_PATHS = NO;
				CLANG_ALLOW_NON_MODULAR_INCLUDES_IN_FRAMEWORK_MODULES = NO;
				CLANG_CXX_LANGUAGE_STANDARD = "gnu++0x";
				CLANG_CXX_LIBRARY = "libc++";
				CLANG_ENABLE_MODULES = YES;
				CLANG_ENABLE_OBJC_ARC = YES;
				CLANG_WARN_BOOL_CONVERSION = YES;
				CLANG_WARN_CONSTANT_CONVERSION = YES;
				CLANG_WARN_DIRECT_OBJC_ISA_USAGE = YES_ERROR;
				CLANG_WARN_EMPTY_BODY = YES;
				CLANG_WARN_ENUM_CONVERSION = YES;
				CLANG_WARN_INT_CONVERSION = YES;
				CLANG_WARN_OBJC_ROOT_CLASS = YES_ERROR;
				CLANG_WARN_UNREACHABLE_CODE = YES;
				CLANG_WARN__DUPLICATE_METHOD_MATCH = YES;
				"CODE_SIGN_IDENTITY[sdk=iphoneos*]" = "iPhone Developer";
				COPY_PHASE_STRIP = NO;
				DEBUG_INFORMATION_FORMAT = dwarf;
				ENABLE_STRICT_OBJC_MSGSEND = YES;
				ENABLE_TESTABILITY = YES;
				GCC_C_LANGUAGE_STANDARD = gnu99;
				GCC_DYNAMIC_NO_PIC = NO;
				GCC_NO_COMMON_BLOCKS = YES;
				GCC_OPTIMIZATION_LEVEL = 0;
				GCC_PREPROCESSOR_DEFINITIONS = (
					"DEBUG=1",
					"$(inherited)",
				);
				GCC_WARN_64_TO_32_BIT_CONVERSION = YES;
				GCC_WARN_ABOUT_RETURN_TYPE = YES_ERROR;
				GCC_WARN_UNDECLARED_SELECTOR = YES;
				GCC_WARN_UNINITIALIZED_AUTOS = YES_AGGRESSIVE;
				GCC_WARN_UNUSED_FUNCTION = YES;
				GCC_WARN_UNUSED_VARIABLE = YES;
				IPHONEOS_DEPLOYMENT_TARGET = 9.2;
				MTL_ENABLE_DEBUG_INFO = YES;
				ONLY_ACTIVE_ARCH = YES;
				SDKROOT = iphoneos;
				SWIFT_OPTIMIZATION_LEVEL = "-Onone";
			};
			name = Debug;
		};
		4E6312871C1FA7D500EB78F9 /* Release */ = {
			isa = XCBuildConfiguration;
			buildSettings = {
				ALWAYS_SEARCH_USER_PATHS = NO;
				CLANG_ALLOW_NON_MODULAR_INCLUDES_IN_FRAMEWORK_MODULES = NO;
				CLANG_CXX_LANGUAGE_STANDARD = "gnu++0x";
				CLANG_CXX_LIBRARY = "libc++";
				CLANG_ENABLE_MODULES = YES;
				CLANG_ENABLE_OBJC_ARC = YES;
				CLANG_WARN_BOOL_CONVERSION = YES;
				CLANG_WARN_CONSTANT_CONVERSION = YES;
				CLANG_WARN_DIRECT_OBJC_ISA_USAGE = YES_ERROR;
				CLANG_WARN_EMPTY_BODY = YES;
				CLANG_WARN_ENUM_CONVERSION = YES;
				CLANG_WARN_INT_CONVERSION = YES;
				CLANG_WARN_OBJC_ROOT_CLASS = YES_ERROR;
				CLANG_WARN_UNREACHABLE_CODE = YES;
				CLANG_WARN__DUPLICATE_METHOD_MATCH = YES;
				"CODE_SIGN_IDENTITY[sdk=iphoneos*]" = "iPhone Developer";
				COPY_PHASE_STRIP = NO;
				DEBUG_INFORMATION_FORMAT = "dwarf-with-dsym";
				ENABLE_NS_ASSERTIONS = NO;
				ENABLE_STRICT_OBJC_MSGSEND = YES;
				GCC_C_LANGUAGE_STANDARD = gnu99;
				GCC_NO_COMMON_BLOCKS = YES;
				GCC_WARN_64_TO_32_BIT_CONVERSION = YES;
				GCC_WARN_ABOUT_RETURN_TYPE = YES_ERROR;
				GCC_WARN_UNDECLARED_SELECTOR = YES;
				GCC_WARN_UNINITIALIZED_AUTOS = YES_AGGRESSIVE;
				GCC_WARN_UNUSED_FUNCTION = YES;
				GCC_WARN_UNUSED_VARIABLE = YES;
				IPHONEOS_DEPLOYMENT_TARGET = 9.2;
				MTL_ENABLE_DEBUG_INFO = NO;
				SDKROOT = iphoneos;
				VALIDATE_PRODUCT = YES;
			};
			name = Release;
		};
		4E6312891C1FA7D500EB78F9 /* Debug */ = {
			isa = XCBuildConfiguration;
			baseConfigurationReference = A6D95D466AA0CD1F1DA86F9F /* Pods.debug.xcconfig */;
			buildSettings = {
				ASSETCATALOG_COMPILER_APPICON_NAME = AppIcon;
				CLANG_ALLOW_NON_MODULAR_INCLUDES_IN_FRAMEWORK_MODULES = NO;
				CODE_SIGN_IDENTITY = "iPhone Developer";
				INFOPLIST_FILE = ShortList/Info.plist;
				LD_RUNPATH_SEARCH_PATHS = "$(inherited) @executable_path/Frameworks";
				PRODUCT_BUNDLE_IDENTIFIER = com.dsmlabs.ShortList;
				PRODUCT_NAME = "$(TARGET_NAME)";
			};
			name = Debug;
		};
		4E63128A1C1FA7D500EB78F9 /* Release */ = {
			isa = XCBuildConfiguration;
			baseConfigurationReference = FAC3F16DBC599F9FC99408F7 /* Pods.release.xcconfig */;
			buildSettings = {
				ASSETCATALOG_COMPILER_APPICON_NAME = AppIcon;
				CLANG_ALLOW_NON_MODULAR_INCLUDES_IN_FRAMEWORK_MODULES = NO;
				CODE_SIGN_IDENTITY = "iPhone Developer";
				INFOPLIST_FILE = ShortList/Info.plist;
				LD_RUNPATH_SEARCH_PATHS = "$(inherited) @executable_path/Frameworks";
				PRODUCT_BUNDLE_IDENTIFIER = com.dsmlabs.ShortList;
				PRODUCT_NAME = "$(TARGET_NAME)";
			};
			name = Release;
		};
		4E63128C1C1FA7D500EB78F9 /* Debug */ = {
			isa = XCBuildConfiguration;
			buildSettings = {
				BUNDLE_LOADER = "$(TEST_HOST)";
				INFOPLIST_FILE = ShortListTests/Info.plist;
				LD_RUNPATH_SEARCH_PATHS = "$(inherited) @executable_path/Frameworks @loader_path/Frameworks";
				PRODUCT_BUNDLE_IDENTIFIER = com.dsmlabs.ShortListTests;
				PRODUCT_NAME = "$(TARGET_NAME)";
				TEST_HOST = "$(BUILT_PRODUCTS_DIR)/ShortList.app/ShortList";
			};
			name = Debug;
		};
		4E63128D1C1FA7D500EB78F9 /* Release */ = {
			isa = XCBuildConfiguration;
			buildSettings = {
				BUNDLE_LOADER = "$(TEST_HOST)";
				INFOPLIST_FILE = ShortListTests/Info.plist;
				LD_RUNPATH_SEARCH_PATHS = "$(inherited) @executable_path/Frameworks @loader_path/Frameworks";
				PRODUCT_BUNDLE_IDENTIFIER = com.dsmlabs.ShortListTests;
				PRODUCT_NAME = "$(TARGET_NAME)";
				TEST_HOST = "$(BUILT_PRODUCTS_DIR)/ShortList.app/ShortList";
			};
			name = Release;
		};
		4E63128F1C1FA7D500EB78F9 /* Debug */ = {
			isa = XCBuildConfiguration;
			buildSettings = {
				INFOPLIST_FILE = ShortListUITests/Info.plist;
				LD_RUNPATH_SEARCH_PATHS = "$(inherited) @executable_path/Frameworks @loader_path/Frameworks";
				PRODUCT_BUNDLE_IDENTIFIER = com.dsmlabs.ShortListUITests;
				PRODUCT_NAME = "$(TARGET_NAME)";
				TEST_TARGET_NAME = ShortList;
				USES_XCTRUNNER = YES;
			};
			name = Debug;
		};
		4E6312901C1FA7D500EB78F9 /* Release */ = {
			isa = XCBuildConfiguration;
			buildSettings = {
				INFOPLIST_FILE = ShortListUITests/Info.plist;
				LD_RUNPATH_SEARCH_PATHS = "$(inherited) @executable_path/Frameworks @loader_path/Frameworks";
				PRODUCT_BUNDLE_IDENTIFIER = com.dsmlabs.ShortListUITests;
				PRODUCT_NAME = "$(TARGET_NAME)";
				TEST_TARGET_NAME = ShortList;
				USES_XCTRUNNER = YES;
			};
			name = Release;
		};
/* End XCBuildConfiguration section */

/* Begin XCConfigurationList section */
		4E63125B1C1FA7D500EB78F9 /* Build configuration list for PBXProject "ShortList" */ = {
			isa = XCConfigurationList;
			buildConfigurations = (
				4E6312861C1FA7D500EB78F9 /* Debug */,
				4E6312871C1FA7D500EB78F9 /* Release */,
			);
			defaultConfigurationIsVisible = 0;
			defaultConfigurationName = Release;
		};
		4E6312881C1FA7D500EB78F9 /* Build configuration list for PBXNativeTarget "ShortList" */ = {
			isa = XCConfigurationList;
			buildConfigurations = (
				4E6312891C1FA7D500EB78F9 /* Debug */,
				4E63128A1C1FA7D500EB78F9 /* Release */,
			);
			defaultConfigurationIsVisible = 0;
			defaultConfigurationName = Release;
		};
		4E63128B1C1FA7D500EB78F9 /* Build configuration list for PBXNativeTarget "ShortListTests" */ = {
			isa = XCConfigurationList;
			buildConfigurations = (
				4E63128C1C1FA7D500EB78F9 /* Debug */,
				4E63128D1C1FA7D500EB78F9 /* Release */,
			);
			defaultConfigurationIsVisible = 0;
			defaultConfigurationName = Release;
		};
		4E63128E1C1FA7D500EB78F9 /* Build configuration list for PBXNativeTarget "ShortListUITests" */ = {
			isa = XCConfigurationList;
			buildConfigurations = (
				4E63128F1C1FA7D500EB78F9 /* Debug */,
				4E6312901C1FA7D500EB78F9 /* Release */,
			);
			defaultConfigurationIsVisible = 0;
			defaultConfigurationName = Release;
		};
/* End XCConfigurationList section */

/* Begin XCVersionGroup section */
		4E6313301C1FB30400EB78F9 /* ShortList.xcdatamodeld */ = {
			isa = XCVersionGroup;
			children = (
				4E6313311C1FB30400EB78F9 /* ShortList.xcdatamodel */,
			);
			currentVersion = 4E6313311C1FB30400EB78F9 /* ShortList.xcdatamodel */;
			path = ShortList.xcdatamodeld;
			sourceTree = "<group>";
			versionGroupType = wrapper.xcdatamodel;
		};
/* End XCVersionGroup section */
	};
	rootObject = 4E6312581C1FA7D500EB78F9 /* Project object */;
}
